// !$*UTF8*$!
{
	archiveVersion = 1;
	classes = {
	};
	objectVersion = 46;
	objects = {

/* Begin PBXBuildFile section */
		2914C2E715077AFD00A04662 /* Default.png in Resources */ = {isa = PBXBuildFile; fileRef = 2914C2E615077AFD00A04662 /* Default.png */; };
		2914C2E915077BB300A04662 /* Default@2x.png in Resources */ = {isa = PBXBuildFile; fileRef = 2914C2E815077BB300A04662 /* Default@2x.png */; };
		2914C2EC1507857E00A04662 /* about.png in Resources */ = {isa = PBXBuildFile; fileRef = 2914C2EA1507857D00A04662 /* about.png */; };
		2914C2ED1507857E00A04662 /* about@2x.png in Resources */ = {isa = PBXBuildFile; fileRef = 2914C2EB1507857D00A04662 /* about@2x.png */; };
		2914C2EF1507892A00A04662 /* icon.png in Resources */ = {isa = PBXBuildFile; fileRef = 2914C2EE1507892A00A04662 /* icon.png */; };
		2914C2F11507892F00A04662 /* icon@2x.png in Resources */ = {isa = PBXBuildFile; fileRef = 2914C2F01507892F00A04662 /* icon@2x.png */; };
		29597B3E1504A0440063DA2C /* line.png in Resources */ = {isa = PBXBuildFile; fileRef = 29597B3C1504A0440063DA2C /* line.png */; };
		29597B3F1504A0440063DA2C /* line@2x.png in Resources */ = {isa = PBXBuildFile; fileRef = 29597B3D1504A0440063DA2C /* line@2x.png */; };
		297AACA114FE55F5003B006E /* add.png in Resources */ = {isa = PBXBuildFile; fileRef = 297AAC9914FE55F5003B006E /* add.png */; };
		297AACA214FE55F5003B006E /* add@2x.png in Resources */ = {isa = PBXBuildFile; fileRef = 297AAC9A14FE55F5003B006E /* add@2x.png */; };
		297AACA314FE55F5003B006E /* start.png in Resources */ = {isa = PBXBuildFile; fileRef = 297AAC9B14FE55F5003B006E /* start.png */; };
		297AACA414FE55F5003B006E /* start@2x.png in Resources */ = {isa = PBXBuildFile; fileRef = 297AAC9C14FE55F5003B006E /* start@2x.png */; };
		297AACA514FE55F5003B006E /* title.png in Resources */ = {isa = PBXBuildFile; fileRef = 297AAC9D14FE55F5003B006E /* title.png */; };
		297AACA614FE55F5003B006E /* title@2x.png in Resources */ = {isa = PBXBuildFile; fileRef = 297AAC9E14FE55F5003B006E /* title@2x.png */; };
		297AACA714FE55F5003B006E /* zhongyaodu-bg.png in Resources */ = {isa = PBXBuildFile; fileRef = 297AAC9F14FE55F5003B006E /* zhongyaodu-bg.png */; };
		297AACA814FE55F5003B006E /* zhongyaodu-bg@2x.png in Resources */ = {isa = PBXBuildFile; fileRef = 297AACA014FE55F5003B006E /* zhongyaodu-bg@2x.png */; };
		2991275514FF8929007E82B4 /* back-down.png in Resources */ = {isa = PBXBuildFile; fileRef = 2991274A14FF8929007E82B4 /* back-down.png */; };
		2991275614FF8929007E82B4 /* back-down@2x.png in Resources */ = {isa = PBXBuildFile; fileRef = 2991274B14FF8929007E82B4 /* back-down@2x.png */; };
		2991275714FF8929007E82B4 /* back.png in Resources */ = {isa = PBXBuildFile; fileRef = 2991274C14FF8929007E82B4 /* back.png */; };
		2991275814FF8929007E82B4 /* back@2x.png in Resources */ = {isa = PBXBuildFile; fileRef = 2991274D14FF8929007E82B4 /* back@2x.png */; };
		2991275914FF8929007E82B4 /* edit-down.png in Resources */ = {isa = PBXBuildFile; fileRef = 2991274E14FF8929007E82B4 /* edit-down.png */; };
		2991275A14FF8929007E82B4 /* edit-down@2x.png in Resources */ = {isa = PBXBuildFile; fileRef = 2991274F14FF8929007E82B4 /* edit-down@2x.png */; };
		2991275B14FF8929007E82B4 /* edit-norm.png in Resources */ = {isa = PBXBuildFile; fileRef = 2991275014FF8929007E82B4 /* edit-norm.png */; };
		2991275C14FF8929007E82B4 /* edit-norm@2x.png in Resources */ = {isa = PBXBuildFile; fileRef = 2991275114FF8929007E82B4 /* edit-norm@2x.png */; };
		2991275D14FF8929007E82B4 /* finished.png in Resources */ = {isa = PBXBuildFile; fileRef = 2991275214FF8929007E82B4 /* finished.png */; };
		2991275E14FF8929007E82B4 /* finished@2x.png in Resources */ = {isa = PBXBuildFile; fileRef = 2991275314FF8929007E82B4 /* finished@2x.png */; };
		29B7DC78150760F7000013B8 /* littleBack.png in Resources */ = {isa = PBXBuildFile; fileRef = 29B7DC76150760F7000013B8 /* littleBack.png */; };
		29B7DC79150760F7000013B8 /* littleBack@2x.png in Resources */ = {isa = PBXBuildFile; fileRef = 29B7DC77150760F7000013B8 /* littleBack@2x.png */; };
		29D55FAD1506FF4E00328766 /* QuartzCore.framework in Frameworks */ = {isa = PBXBuildFile; fileRef = 29D55FAC1506FF4E00328766 /* QuartzCore.framework */; };
		29DA087114FDEE93006CB7C8 /* duration.png in Resources */ = {isa = PBXBuildFile; fileRef = 29DA087014FDEE93006CB7C8 /* duration.png */; };
		452311E114FD2AE20080629F /* due2.png in Resources */ = {isa = PBXBuildFile; fileRef = 452311AC14FD2AE20080629F /* due2.png */; };
		452311E214FD2AE20080629F /* due2@2x.png in Resources */ = {isa = PBXBuildFile; fileRef = 452311AD14FD2AE20080629F /* due2@2x.png */; };
		452311E314FD2AE20080629F /* more option.png in Resources */ = {isa = PBXBuildFile; fileRef = 452311AE14FD2AE20080629F /* more option.png */; };
		452311E414FD2AE20080629F /* more options@2x.png in Resources */ = {isa = PBXBuildFile; fileRef = 452311AF14FD2AE20080629F /* more options@2x.png */; };
		452311E514FD2AE20080629F /* notification2.png in Resources */ = {isa = PBXBuildFile; fileRef = 452311B014FD2AE20080629F /* notification2.png */; };
		452311E614FD2AE20080629F /* notification2@2x.png in Resources */ = {isa = PBXBuildFile; fileRef = 452311B114FD2AE20080629F /* notification2@2x.png */; };
		452311E714FD2AE20080629F /* title2.png in Resources */ = {isa = PBXBuildFile; fileRef = 452311B214FD2AE20080629F /* title2.png */; };
		452311E814FD2AE20080629F /* title2@2x.png in Resources */ = {isa = PBXBuildFile; fileRef = 452311B314FD2AE20080629F /* title2@2x.png */; };
		452311E914FD2AE20080629F /* delete-down.png in Resources */ = {isa = PBXBuildFile; fileRef = 452311B514FD2AE20080629F /* delete-down.png */; };
		452311EA14FD2AE20080629F /* delete-down@2x.png in Resources */ = {isa = PBXBuildFile; fileRef = 452311B614FD2AE20080629F /* delete-down@2x.png */; };
		452311EB14FD2AE20080629F /* delete-nor.png in Resources */ = {isa = PBXBuildFile; fileRef = 452311B714FD2AE20080629F /* delete-nor.png */; };
		452311EC14FD2AE20080629F /* delete-nor@2x.png in Resources */ = {isa = PBXBuildFile; fileRef = 452311B814FD2AE20080629F /* delete-nor@2x.png */; };
		452311ED14FD2AE20080629F /* due date.png in Resources */ = {isa = PBXBuildFile; fileRef = 452311B914FD2AE20080629F /* due date.png */; };
		452311EE14FD2AE20080629F /* due date@2x.png in Resources */ = {isa = PBXBuildFile; fileRef = 452311BA14FD2AE20080629F /* due date@2x.png */; };
		452311EF14FD2AE20080629F /* duration@2x.png in Resources */ = {isa = PBXBuildFile; fileRef = 452311BB14FD2AE20080629F /* duration@2x.png */; };
		452311F114FD2AE20080629F /* edit.png in Resources */ = {isa = PBXBuildFile; fileRef = 452311BD14FD2AE20080629F /* edit.png */; };
		452311F214FD2AE20080629F /* edit@2x.png in Resources */ = {isa = PBXBuildFile; fileRef = 452311BE14FD2AE20080629F /* edit@2x.png */; };
		452311F314FD2AE20080629F /* high-down.png in Resources */ = {isa = PBXBuildFile; fileRef = 452311BF14FD2AE20080629F /* high-down.png */; };
		452311F414FD2AE20080629F /* high-down@2x.png in Resources */ = {isa = PBXBuildFile; fileRef = 452311C014FD2AE20080629F /* high-down@2x.png */; };
		452311F514FD2AE20080629F /* high-nor.png in Resources */ = {isa = PBXBuildFile; fileRef = 452311C114FD2AE20080629F /* high-nor.png */; };
		452311F614FD2AE20080629F /* high-nor@2x.png in Resources */ = {isa = PBXBuildFile; fileRef = 452311C214FD2AE20080629F /* high-nor@2x.png */; };
		452311F714FD2AE20080629F /* line.png in Resources */ = {isa = PBXBuildFile; fileRef = 452311C314FD2AE20080629F /* line.png */; };
		452311F814FD2AE20080629F /* line@2x.png in Resources */ = {isa = PBXBuildFile; fileRef = 452311C414FD2AE20080629F /* line@2x.png */; };
		452311F914FD2AE20080629F /* low-down.png in Resources */ = {isa = PBXBuildFile; fileRef = 452311C514FD2AE20080629F /* low-down.png */; };
		452311FA14FD2AE20080629F /* low-down@2x.png in Resources */ = {isa = PBXBuildFile; fileRef = 452311C614FD2AE20080629F /* low-down@2x.png */; };
		452311FB14FD2AE20080629F /* low-nor.png in Resources */ = {isa = PBXBuildFile; fileRef = 452311C714FD2AE20080629F /* low-nor.png */; };
		452311FC14FD2AE20080629F /* low-nor@2x.png in Resources */ = {isa = PBXBuildFile; fileRef = 452311C814FD2AE20080629F /* low-nor@2x.png */; };
		452311FD14FD2AE20080629F /* mid-down.png in Resources */ = {isa = PBXBuildFile; fileRef = 452311C914FD2AE20080629F /* mid-down.png */; };
		452311FE14FD2AE20080629F /* mid-down@2x.png in Resources */ = {isa = PBXBuildFile; fileRef = 452311CA14FD2AE20080629F /* mid-down@2x.png */; };
		452311FF14FD2AE20080629F /* mid-nor.png in Resources */ = {isa = PBXBuildFile; fileRef = 452311CB14FD2AE20080629F /* mid-nor.png */; };
		4523120014FD2AE20080629F /* mid-nor@2x.png in Resources */ = {isa = PBXBuildFile; fileRef = 452311CC14FD2AE20080629F /* mid-nor@2x.png */; };
		4523120114FD2AE20080629F /* nav.png in Resources */ = {isa = PBXBuildFile; fileRef = 452311CD14FD2AE20080629F /* nav.png */; };
		4523120214FD2AE20080629F /* nav@2x.png in Resources */ = {isa = PBXBuildFile; fileRef = 452311CE14FD2AE20080629F /* nav@2x.png */; };
		4523120314FD2AE20080629F /* none-down.png in Resources */ = {isa = PBXBuildFile; fileRef = 452311CF14FD2AE20080629F /* none-down.png */; };
		4523120414FD2AE20080629F /* none-down@2x.png in Resources */ = {isa = PBXBuildFile; fileRef = 452311D014FD2AE20080629F /* none-down@2x.png */; };
		4523120514FD2AE20080629F /* none-nor.png in Resources */ = {isa = PBXBuildFile; fileRef = 452311D114FD2AE20080629F /* none-nor.png */; };
		4523120614FD2AE20080629F /* none-nor@2x.png in Resources */ = {isa = PBXBuildFile; fileRef = 452311D214FD2AE20080629F /* none-nor@2x.png */; };
		4523120714FD2AE20080629F /* note.png in Resources */ = {isa = PBXBuildFile; fileRef = 452311D314FD2AE20080629F /* note.png */; };
		4523120814FD2AE20080629F /* note@2x.png in Resources */ = {isa = PBXBuildFile; fileRef = 452311D414FD2AE20080629F /* note@2x.png */; };
		4523120914FD2AE20080629F /* notification.png in Resources */ = {isa = PBXBuildFile; fileRef = 452311D514FD2AE20080629F /* notification.png */; };
		4523120A14FD2AE20080629F /* notification@2x.png in Resources */ = {isa = PBXBuildFile; fileRef = 452311D614FD2AE20080629F /* notification@2x.png */; };
		4523120B14FD2AE20080629F /* rightpage.png in Resources */ = {isa = PBXBuildFile; fileRef = 452311D714FD2AE20080629F /* rightpage.png */; };
		4523120C14FD2AE20080629F /* rightpage@2x.png in Resources */ = {isa = PBXBuildFile; fileRef = 452311D814FD2AE20080629F /* rightpage@2x.png */; };
		4523120D14FD2AE20080629F /* save-down.png in Resources */ = {isa = PBXBuildFile; fileRef = 452311D914FD2AE20080629F /* save-down.png */; };
		4523120E14FD2AE20080629F /* save-down@2x.png in Resources */ = {isa = PBXBuildFile; fileRef = 452311DA14FD2AE20080629F /* save-down@2x.png */; };
		4523120F14FD2AE20080629F /* save-normal.png in Resources */ = {isa = PBXBuildFile; fileRef = 452311DB14FD2AE20080629F /* save-normal.png */; };
		4523121014FD2AE20080629F /* save-normal@2x.png in Resources */ = {isa = PBXBuildFile; fileRef = 452311DC14FD2AE20080629F /* save-normal@2x.png */; };
		4523121114FD2AE20080629F /* send-down.png in Resources */ = {isa = PBXBuildFile; fileRef = 452311DD14FD2AE20080629F /* send-down.png */; };
		4523121214FD2AE20080629F /* send-down@2x.png in Resources */ = {isa = PBXBuildFile; fileRef = 452311DE14FD2AE20080629F /* send-down@2x.png */; };
		4523121314FD2AE20080629F /* send-nor.png in Resources */ = {isa = PBXBuildFile; fileRef = 452311DF14FD2AE20080629F /* send-nor.png */; };
		4523121414FD2AE20080629F /* send-nor@2x.png in Resources */ = {isa = PBXBuildFile; fileRef = 452311E014FD2AE20080629F /* send-nor@2x.png */; };
		BF0B61B514F62C9C00A2FEF8 /* ItemCell.m in Sources */ = {isa = PBXBuildFile; fileRef = BF0B61B414F62C9C00A2FEF8 /* ItemCell.m */; };
		BF51D7B614F7C78D00B0BFC3 /* AboutViewController.m in Sources */ = {isa = PBXBuildFile; fileRef = BF51D7B514F7C78D00B0BFC3 /* AboutViewController.m */; };
		BF51D7B914F7C90D00B0BFC3 /* FinishViewController.m in Sources */ = {isa = PBXBuildFile; fileRef = BF51D7B814F7C90D00B0BFC3 /* FinishViewController.m */; };
		BF9724B114ECEA2800C42892 /* UIKit.framework in Frameworks */ = {isa = PBXBuildFile; fileRef = BF9724B014ECEA2800C42892 /* UIKit.framework */; };
		BF9724B314ECEA2800C42892 /* Foundation.framework in Frameworks */ = {isa = PBXBuildFile; fileRef = BF9724B214ECEA2800C42892 /* Foundation.framework */; };
		BF9724B514ECEA2800C42892 /* CoreGraphics.framework in Frameworks */ = {isa = PBXBuildFile; fileRef = BF9724B414ECEA2800C42892 /* CoreGraphics.framework */; };
		BF9724B714ECEA2800C42892 /* CoreData.framework in Frameworks */ = {isa = PBXBuildFile; fileRef = BF9724B614ECEA2800C42892 /* CoreData.framework */; };
		BF9724BD14ECEA2800C42892 /* InfoPlist.strings in Resources */ = {isa = PBXBuildFile; fileRef = BF9724BB14ECEA2800C42892 /* InfoPlist.strings */; };
		BF9724BF14ECEA2800C42892 /* main.m in Sources */ = {isa = PBXBuildFile; fileRef = BF9724BE14ECEA2800C42892 /* main.m */; };
		BF9724C614ECEA2800C42892 /* focus.xcdatamodeld in Sources */ = {isa = PBXBuildFile; fileRef = BF9724C414ECEA2800C42892 /* focus.xcdatamodeld */; };
		BF9724DC14ECEA8600C42892 /* AppDelegate.m in Sources */ = {isa = PBXBuildFile; fileRef = BF9724DB14ECEA8600C42892 /* AppDelegate.m */; };
		BF9724E414ECEAB800C42892 /* RootViewController.m in Sources */ = {isa = PBXBuildFile; fileRef = BF9724DE14ECEAB800C42892 /* RootViewController.m */; };
		BF9724E514ECEAB800C42892 /* MainStoryboard.storyboard in Resources */ = {isa = PBXBuildFile; fileRef = BF9724DF14ECEAB800C42892 /* MainStoryboard.storyboard */; };
		BF9724E614ECEAB800C42892 /* DetailViewController.m in Sources */ = {isa = PBXBuildFile; fileRef = BF9724E114ECEAB800C42892 /* DetailViewController.m */; };
		BF9724E714ECEAB800C42892 /* UIView+Badge.m in Sources */ = {isa = PBXBuildFile; fileRef = BF9724E314ECEAB800C42892 /* UIView+Badge.m */; };
		BF9724F314ECEADC00C42892 /* InboxViewController.m in Sources */ = {isa = PBXBuildFile; fileRef = BF9724EA14ECEADC00C42892 /* InboxViewController.m */; };
		BF9724F414ECEADC00C42892 /* TodayViewController.m in Sources */ = {isa = PBXBuildFile; fileRef = BF9724EC14ECEADC00C42892 /* TodayViewController.m */; };
		BF9724F514ECEADC00C42892 /* AfterViewController.m in Sources */ = {isa = PBXBuildFile; fileRef = BF9724EE14ECEADC00C42892 /* AfterViewController.m */; };
		BF9724F614ECEADC00C42892 /* SomedayViewController.m in Sources */ = {isa = PBXBuildFile; fileRef = BF9724F014ECEADC00C42892 /* SomedayViewController.m */; };
		BF9724F714ECEADC00C42892 /* MainviewController.m in Sources */ = {isa = PBXBuildFile; fileRef = BF9724F214ECEADC00C42892 /* MainviewController.m */; };
		BF97250514ECEFA000C42892 /* Item.m in Sources */ = {isa = PBXBuildFile; fileRef = BF97250414ECEFA000C42892 /* Item.m */; };
		BF97250814ECF00400C42892 /* Project.m in Sources */ = {isa = PBXBuildFile; fileRef = BF97250714ECF00400C42892 /* Project.m */; };
		BF97250B14ECF00400C42892 /* Tag.m in Sources */ = {isa = PBXBuildFile; fileRef = BF97250A14ECF00400C42892 /* Tag.m */; };
		BFC351EF14FB60F300A5BE7B /* add-down.png in Resources */ = {isa = PBXBuildFile; fileRef = BFC351B314FB60F300A5BE7B /* add-down.png */; };
		BFC351F014FB60F300A5BE7B /* add-down@2x.png in Resources */ = {isa = PBXBuildFile; fileRef = BFC351B414FB60F300A5BE7B /* add-down@2x.png */; };
		BFC351F114FB60F300A5BE7B /* add-normal.png in Resources */ = {isa = PBXBuildFile; fileRef = BFC351B514FB60F300A5BE7B /* add-normal.png */; };
		BFC351F214FB60F300A5BE7B /* add-normal@2x.png in Resources */ = {isa = PBXBuildFile; fileRef = BFC351B614FB60F300A5BE7B /* add-normal@2x.png */; };
		BFC351F314FB60F300A5BE7B /* after-down.png in Resources */ = {isa = PBXBuildFile; fileRef = BFC351B714FB60F300A5BE7B /* after-down.png */; };
		BFC351F414FB60F300A5BE7B /* after-down@2x.png in Resources */ = {isa = PBXBuildFile; fileRef = BFC351B814FB60F300A5BE7B /* after-down@2x.png */; };
		BFC351F514FB60F300A5BE7B /* after-normal.png in Resources */ = {isa = PBXBuildFile; fileRef = BFC351B914FB60F300A5BE7B /* after-normal.png */; };
		BFC351F614FB60F300A5BE7B /* after-normal@2x.png in Resources */ = {isa = PBXBuildFile; fileRef = BFC351BA14FB60F300A5BE7B /* after-normal@2x.png */; };
		BFC351F714FB60F300A5BE7B /* after.png in Resources */ = {isa = PBXBuildFile; fileRef = BFC351BB14FB60F300A5BE7B /* after.png */; };
		BFC351F814FB60F300A5BE7B /* after@2x.png in Resources */ = {isa = PBXBuildFile; fileRef = BFC351BC14FB60F300A5BE7B /* after@2x.png */; };
		BFC351F914FB60F300A5BE7B /* alarm.png in Resources */ = {isa = PBXBuildFile; fileRef = BFC351BD14FB60F300A5BE7B /* alarm.png */; };
		BFC351FA14FB60F300A5BE7B /* alarm@2x.png in Resources */ = {isa = PBXBuildFile; fileRef = BFC351BE14FB60F300A5BE7B /* alarm@2x.png */; };
		BFC351FB14FB60F300A5BE7B /* book-bg.png in Resources */ = {isa = PBXBuildFile; fileRef = BFC351BF14FB60F300A5BE7B /* book-bg.png */; };
		BFC351FC14FB60F300A5BE7B /* book-bg@2x.png in Resources */ = {isa = PBXBuildFile; fileRef = BFC351C014FB60F300A5BE7B /* book-bg@2x.png */; };
		BFC351FD14FB60F300A5BE7B /* chechbox2.png in Resources */ = {isa = PBXBuildFile; fileRef = BFC351C114FB60F300A5BE7B /* chechbox2.png */; };
		BFC351FE14FB60F300A5BE7B /* chechbox2@2x.png in Resources */ = {isa = PBXBuildFile; fileRef = BFC351C214FB60F300A5BE7B /* chechbox2@2x.png */; };
		BFC351FF14FB60F300A5BE7B /* checkbox.png in Resources */ = {isa = PBXBuildFile; fileRef = BFC351C314FB60F300A5BE7B /* checkbox.png */; };
		BFC3520014FB60F300A5BE7B /* checkbox@2x.png in Resources */ = {isa = PBXBuildFile; fileRef = BFC351C414FB60F300A5BE7B /* checkbox@2x.png */; };
		BFC3520114FB60F300A5BE7B /* espired.png in Resources */ = {isa = PBXBuildFile; fileRef = BFC351C514FB60F300A5BE7B /* espired.png */; };
		BFC3520214FB60F300A5BE7B /* espired@2x.png in Resources */ = {isa = PBXBuildFile; fileRef = BFC351C614FB60F300A5BE7B /* espired@2x.png */; };
		BFC3520314FB60F300A5BE7B /* float.png in Resources */ = {isa = PBXBuildFile; fileRef = BFC351C714FB60F300A5BE7B /* float.png */; };
		BFC3520414FB60F300A5BE7B /* float@2x.png in Resources */ = {isa = PBXBuildFile; fileRef = BFC351C814FB60F300A5BE7B /* float@2x.png */; };
		BFC3520514FB60F300A5BE7B /* inbox-down.png in Resources */ = {isa = PBXBuildFile; fileRef = BFC351C914FB60F300A5BE7B /* inbox-down.png */; };
		BFC3520614FB60F300A5BE7B /* inbox-down@2x.png in Resources */ = {isa = PBXBuildFile; fileRef = BFC351CA14FB60F300A5BE7B /* inbox-down@2x.png */; };
		BFC3520714FB60F300A5BE7B /* inbox-normal.png in Resources */ = {isa = PBXBuildFile; fileRef = BFC351CB14FB60F300A5BE7B /* inbox-normal.png */; };
		BFC3520814FB60F300A5BE7B /* inbox-normal@2x.png in Resources */ = {isa = PBXBuildFile; fileRef = BFC351CC14FB60F300A5BE7B /* inbox-normal@2x.png */; };
		BFC3520914FB60F300A5BE7B /* inbox.png in Resources */ = {isa = PBXBuildFile; fileRef = BFC351CD14FB60F300A5BE7B /* inbox.png */; };
		BFC3520A14FB60F300A5BE7B /* inbox@2x.png in Resources */ = {isa = PBXBuildFile; fileRef = BFC351CE14FB60F300A5BE7B /* inbox@2x.png */; };
		BFC3520D14FB60F300A5BE7B /* Mild.png in Resources */ = {isa = PBXBuildFile; fileRef = BFC351D114FB60F300A5BE7B /* Mild.png */; };
		BFC3520E14FB60F300A5BE7B /* Mild@2x.png in Resources */ = {isa = PBXBuildFile; fileRef = BFC351D214FB60F300A5BE7B /* Mild@2x.png */; };
		BFC3520F14FB60F300A5BE7B /* Minimal.png in Resources */ = {isa = PBXBuildFile; fileRef = BFC351D314FB60F300A5BE7B /* Minimal.png */; };
		BFC3521014FB60F300A5BE7B /* Minimal@2x.png in Resources */ = {isa = PBXBuildFile; fileRef = BFC351D414FB60F300A5BE7B /* Minimal@2x.png */; };
		BFC3521114FB60F300A5BE7B /* Moderate.png in Resources */ = {isa = PBXBuildFile; fileRef = BFC351D514FB60F300A5BE7B /* Moderate.png */; };
		BFC3521214FB60F300A5BE7B /* Moderate@2x.png in Resources */ = {isa = PBXBuildFile; fileRef = BFC351D614FB60F300A5BE7B /* Moderate@2x.png */; };
		BFC3521314FB60F300A5BE7B /* more.png in Resources */ = {isa = PBXBuildFile; fileRef = BFC351D714FB60F300A5BE7B /* more.png */; };
		BFC3521414FB60F300A5BE7B /* more@2x.png in Resources */ = {isa = PBXBuildFile; fileRef = BFC351D814FB60F300A5BE7B /* more@2x.png */; };
		BFC3521514FB60F300A5BE7B /* section-bg.png in Resources */ = {isa = PBXBuildFile; fileRef = BFC351D914FB60F300A5BE7B /* section-bg.png */; };
		BFC3521614FB60F300A5BE7B /* section-bg@2x.png in Resources */ = {isa = PBXBuildFile; fileRef = BFC351DA14FB60F300A5BE7B /* section-bg@2x.png */; };
		BFC3521714FB60F300A5BE7B /* Severe.png in Resources */ = {isa = PBXBuildFile; fileRef = BFC351DB14FB60F300A5BE7B /* Severe.png */; };
		BFC3521814FB60F300A5BE7B /* Severe@2x.png in Resources */ = {isa = PBXBuildFile; fileRef = BFC351DC14FB60F300A5BE7B /* Severe@2x.png */; };
		BFC3521914FB60F300A5BE7B /* someday-down.png in Resources */ = {isa = PBXBuildFile; fileRef = BFC351DD14FB60F300A5BE7B /* someday-down.png */; };
		BFC3521A14FB60F300A5BE7B /* someday-down@2x.png in Resources */ = {isa = PBXBuildFile; fileRef = BFC351DE14FB60F300A5BE7B /* someday-down@2x.png */; };
		BFC3521B14FB60F300A5BE7B /* someday-normal.png in Resources */ = {isa = PBXBuildFile; fileRef = BFC351DF14FB60F300A5BE7B /* someday-normal.png */; };
		BFC3521C14FB60F300A5BE7B /* someday-normal@2x.png in Resources */ = {isa = PBXBuildFile; fileRef = BFC351E014FB60F300A5BE7B /* someday-normal@2x.png */; };
		BFC3521D14FB60F300A5BE7B /* someday.png in Resources */ = {isa = PBXBuildFile; fileRef = BFC351E114FB60F300A5BE7B /* someday.png */; };
		BFC3521E14FB60F300A5BE7B /* someday@2x.png in Resources */ = {isa = PBXBuildFile; fileRef = BFC351E214FB60F300A5BE7B /* someday@2x.png */; };
		BFC3521F14FB60F300A5BE7B /* title-today.png in Resources */ = {isa = PBXBuildFile; fileRef = BFC351E314FB60F300A5BE7B /* title-today.png */; };
		BFC3522014FB60F300A5BE7B /* title-today@2x.png in Resources */ = {isa = PBXBuildFile; fileRef = BFC351E414FB60F300A5BE7B /* title-today@2x.png */; };
		BFC3522114FB60F300A5BE7B /* today-down.png in Resources */ = {isa = PBXBuildFile; fileRef = BFC351E514FB60F300A5BE7B /* today-down.png */; };
		BFC3522214FB60F300A5BE7B /* today-down@2x.png in Resources */ = {isa = PBXBuildFile; fileRef = BFC351E614FB60F300A5BE7B /* today-down@2x.png */; };
		BFC3522314FB60F300A5BE7B /* today-normal.png in Resources */ = {isa = PBXBuildFile; fileRef = BFC351E714FB60F300A5BE7B /* today-normal.png */; };
		BFC3522414FB60F300A5BE7B /* today-normal@2x.png in Resources */ = {isa = PBXBuildFile; fileRef = BFC351E814FB60F300A5BE7B /* today-normal@2x.png */; };
		BFC3522514FB60F300A5BE7B /* today.png in Resources */ = {isa = PBXBuildFile; fileRef = BFC351E914FB60F300A5BE7B /* today.png */; };
		BFC3522614FB60F300A5BE7B /* today@2x.png in Resources */ = {isa = PBXBuildFile; fileRef = BFC351EA14FB60F300A5BE7B /* today@2x.png */; };
		BFC3522914FB60F300A5BE7B /* type.png in Resources */ = {isa = PBXBuildFile; fileRef = BFC351ED14FB60F300A5BE7B /* type.png */; };
		BFC3522A14FB60F300A5BE7B /* type@2x.png in Resources */ = {isa = PBXBuildFile; fileRef = BFC351EE14FB60F300A5BE7B /* type@2x.png */; };
		BFC3522D14FB644C00A5BE7B /* tool.png in Resources */ = {isa = PBXBuildFile; fileRef = BFC3522B14FB644B00A5BE7B /* tool.png */; };
		BFC3522E14FB644C00A5BE7B /* tool@2x.png in Resources */ = {isa = PBXBuildFile; fileRef = BFC3522C14FB644B00A5BE7B /* tool@2x.png */; };
		BFC3523714FB786B00A5BE7B /* rightpage@2x.png in Resources */ = {isa = PBXBuildFile; fileRef = BFC3523314FB786B00A5BE7B /* rightpage@2x.png */; };
		BFC3523814FB786B00A5BE7B /* navigation@2x.png in Resources */ = {isa = PBXBuildFile; fileRef = BFC3523414FB786B00A5BE7B /* navigation@2x.png */; };
		BFC3523914FB786B00A5BE7B /* rightpage.png in Resources */ = {isa = PBXBuildFile; fileRef = BFC3523514FB786B00A5BE7B /* rightpage.png */; };
		BFC3523A14FB786B00A5BE7B /* navigation.png in Resources */ = {isa = PBXBuildFile; fileRef = BFC3523614FB786B00A5BE7B /* navigation.png */; };
		BFD1947F14F8E10500031883 /* SimpleViewController.m in Sources */ = {isa = PBXBuildFile; fileRef = BFD1947E14F8E10500031883 /* SimpleViewController.m */; };
		BFD1948214F8FFDA00031883 /* FromSimpleToDetailSegue.m in Sources */ = {isa = PBXBuildFile; fileRef = BFD1948114F8FFDA00031883 /* FromSimpleToDetailSegue.m */; };
		BFE15F9C14FA27E400AF0114 /* MessageUI.framework in Frameworks */ = {isa = PBXBuildFile; fileRef = BFE15F9B14FA27E400AF0114 /* MessageUI.framework */; };
/* End PBXBuildFile section */

/* Begin PBXFileReference section */
		2914C2E615077AFD00A04662 /* Default.png */ = {isa = PBXFileReference; lastKnownFileType = image.png; path = Default.png; sourceTree = "<group>"; };
		2914C2E815077BB300A04662 /* Default@2x.png */ = {isa = PBXFileReference; lastKnownFileType = image.png; path = "Default@2x.png"; sourceTree = "<group>"; };
		2914C2EA1507857D00A04662 /* about.png */ = {isa = PBXFileReference; lastKnownFileType = image.png; path = about.png; sourceTree = "<group>"; };
		2914C2EB1507857D00A04662 /* about@2x.png */ = {isa = PBXFileReference; lastKnownFileType = image.png; path = "about@2x.png"; sourceTree = "<group>"; };
		2914C2EE1507892A00A04662 /* icon.png */ = {isa = PBXFileReference; lastKnownFileType = image.png; path = icon.png; sourceTree = "<group>"; };
		2914C2F01507892F00A04662 /* icon@2x.png */ = {isa = PBXFileReference; lastKnownFileType = image.png; path = "icon@2x.png"; sourceTree = "<group>"; };
		29597B3C1504A0440063DA2C /* line.png */ = {isa = PBXFileReference; lastKnownFileType = image.png; path = line.png; sourceTree = "<group>"; };
		29597B3D1504A0440063DA2C /* line@2x.png */ = {isa = PBXFileReference; lastKnownFileType = image.png; path = "line@2x.png"; sourceTree = "<group>"; };
		29597B411504AC550063DA2C /* focus.entitlements */ = {isa = PBXFileReference; lastKnownFileType = text.xml; path = focus.entitlements; sourceTree = "<group>"; };
		29597B421504ACB10063DA2C /* Macros.h */ = {isa = PBXFileReference; fileEncoding = 4; lastKnownFileType = sourcecode.c.h; path = Macros.h; sourceTree = "<group>"; };
		297AAC9914FE55F5003B006E /* add.png */ = {isa = PBXFileReference; lastKnownFileType = image.png; path = add.png; sourceTree = "<group>"; };
		297AAC9A14FE55F5003B006E /* add@2x.png */ = {isa = PBXFileReference; lastKnownFileType = image.png; path = "add@2x.png"; sourceTree = "<group>"; };
		297AAC9B14FE55F5003B006E /* start.png */ = {isa = PBXFileReference; lastKnownFileType = image.png; path = start.png; sourceTree = "<group>"; };
		297AAC9C14FE55F5003B006E /* start@2x.png */ = {isa = PBXFileReference; lastKnownFileType = image.png; path = "start@2x.png"; sourceTree = "<group>"; };
		297AAC9D14FE55F5003B006E /* title.png */ = {isa = PBXFileReference; lastKnownFileType = image.png; path = title.png; sourceTree = "<group>"; };
		297AAC9E14FE55F5003B006E /* title@2x.png */ = {isa = PBXFileReference; lastKnownFileType = image.png; path = "title@2x.png"; sourceTree = "<group>"; };
		297AAC9F14FE55F5003B006E /* zhongyaodu-bg.png */ = {isa = PBXFileReference; lastKnownFileType = image.png; path = "zhongyaodu-bg.png"; sourceTree = "<group>"; };
		297AACA014FE55F5003B006E /* zhongyaodu-bg@2x.png */ = {isa = PBXFileReference; lastKnownFileType = image.png; path = "zhongyaodu-bg@2x.png"; sourceTree = "<group>"; };
		2991274A14FF8929007E82B4 /* back-down.png */ = {isa = PBXFileReference; lastKnownFileType = image.png; path = "back-down.png"; sourceTree = "<group>"; };
		2991274B14FF8929007E82B4 /* back-down@2x.png */ = {isa = PBXFileReference; lastKnownFileType = image.png; path = "back-down@2x.png"; sourceTree = "<group>"; };
		2991274C14FF8929007E82B4 /* back.png */ = {isa = PBXFileReference; lastKnownFileType = image.png; path = back.png; sourceTree = "<group>"; };
		2991274D14FF8929007E82B4 /* back@2x.png */ = {isa = PBXFileReference; lastKnownFileType = image.png; path = "back@2x.png"; sourceTree = "<group>"; };
		2991274E14FF8929007E82B4 /* edit-down.png */ = {isa = PBXFileReference; lastKnownFileType = image.png; path = "edit-down.png"; sourceTree = "<group>"; };
		2991274F14FF8929007E82B4 /* edit-down@2x.png */ = {isa = PBXFileReference; lastKnownFileType = image.png; path = "edit-down@2x.png"; sourceTree = "<group>"; };
		2991275014FF8929007E82B4 /* edit-norm.png */ = {isa = PBXFileReference; lastKnownFileType = image.png; path = "edit-norm.png"; sourceTree = "<group>"; };
		2991275114FF8929007E82B4 /* edit-norm@2x.png */ = {isa = PBXFileReference; lastKnownFileType = image.png; path = "edit-norm@2x.png"; sourceTree = "<group>"; };
		2991275214FF8929007E82B4 /* finished.png */ = {isa = PBXFileReference; lastKnownFileType = image.png; path = finished.png; sourceTree = "<group>"; };
		2991275314FF8929007E82B4 /* finished@2x.png */ = {isa = PBXFileReference; lastKnownFileType = image.png; path = "finished@2x.png"; sourceTree = "<group>"; };
		29B7DC76150760F7000013B8 /* littleBack.png */ = {isa = PBXFileReference; lastKnownFileType = image.png; path = littleBack.png; sourceTree = "<group>"; };
		29B7DC77150760F7000013B8 /* littleBack@2x.png */ = {isa = PBXFileReference; lastKnownFileType = image.png; path = "littleBack@2x.png"; sourceTree = "<group>"; };
		29D55FAC1506FF4E00328766 /* QuartzCore.framework */ = {isa = PBXFileReference; lastKnownFileType = wrapper.framework; name = QuartzCore.framework; path = System/Library/Frameworks/QuartzCore.framework; sourceTree = SDKROOT; };
		29DA087014FDEE93006CB7C8 /* duration.png */ = {isa = PBXFileReference; lastKnownFileType = image.png; path = duration.png; sourceTree = "<group>"; };
		452311AC14FD2AE20080629F /* due2.png */ = {isa = PBXFileReference; lastKnownFileType = image.png; path = due2.png; sourceTree = "<group>"; };
		452311AD14FD2AE20080629F /* due2@2x.png */ = {isa = PBXFileReference; lastKnownFileType = image.png; path = "due2@2x.png"; sourceTree = "<group>"; };
		452311AE14FD2AE20080629F /* more option.png */ = {isa = PBXFileReference; lastKnownFileType = image.png; path = "more option.png"; sourceTree = "<group>"; };
		452311AF14FD2AE20080629F /* more options@2x.png */ = {isa = PBXFileReference; lastKnownFileType = image.png; path = "more options@2x.png"; sourceTree = "<group>"; };
		452311B014FD2AE20080629F /* notification2.png */ = {isa = PBXFileReference; lastKnownFileType = image.png; path = notification2.png; sourceTree = "<group>"; };
		452311B114FD2AE20080629F /* notification2@2x.png */ = {isa = PBXFileReference; lastKnownFileType = image.png; path = "notification2@2x.png"; sourceTree = "<group>"; };
		452311B214FD2AE20080629F /* title2.png */ = {isa = PBXFileReference; lastKnownFileType = image.png; path = title2.png; sourceTree = "<group>"; };
		452311B314FD2AE20080629F /* title2@2x.png */ = {isa = PBXFileReference; lastKnownFileType = image.png; path = "title2@2x.png"; sourceTree = "<group>"; };
		452311B514FD2AE20080629F /* delete-down.png */ = {isa = PBXFileReference; lastKnownFileType = image.png; path = "delete-down.png"; sourceTree = "<group>"; };
		452311B614FD2AE20080629F /* delete-down@2x.png */ = {isa = PBXFileReference; lastKnownFileType = image.png; path = "delete-down@2x.png"; sourceTree = "<group>"; };
		452311B714FD2AE20080629F /* delete-nor.png */ = {isa = PBXFileReference; lastKnownFileType = image.png; path = "delete-nor.png"; sourceTree = "<group>"; };
		452311B814FD2AE20080629F /* delete-nor@2x.png */ = {isa = PBXFileReference; lastKnownFileType = image.png; path = "delete-nor@2x.png"; sourceTree = "<group>"; };
		452311B914FD2AE20080629F /* due date.png */ = {isa = PBXFileReference; lastKnownFileType = image.png; path = "due date.png"; sourceTree = "<group>"; };
		452311BA14FD2AE20080629F /* due date@2x.png */ = {isa = PBXFileReference; lastKnownFileType = image.png; path = "due date@2x.png"; sourceTree = "<group>"; };
		452311BB14FD2AE20080629F /* duration@2x.png */ = {isa = PBXFileReference; lastKnownFileType = image.png; path = "duration@2x.png"; sourceTree = "<group>"; };
		452311BD14FD2AE20080629F /* edit.png */ = {isa = PBXFileReference; lastKnownFileType = image.png; path = edit.png; sourceTree = "<group>"; };
		452311BE14FD2AE20080629F /* edit@2x.png */ = {isa = PBXFileReference; lastKnownFileType = image.png; path = "edit@2x.png"; sourceTree = "<group>"; };
		452311BF14FD2AE20080629F /* high-down.png */ = {isa = PBXFileReference; lastKnownFileType = image.png; path = "high-down.png"; sourceTree = "<group>"; };
		452311C014FD2AE20080629F /* high-down@2x.png */ = {isa = PBXFileReference; lastKnownFileType = image.png; path = "high-down@2x.png"; sourceTree = "<group>"; };
		452311C114FD2AE20080629F /* high-nor.png */ = {isa = PBXFileReference; lastKnownFileType = image.png; path = "high-nor.png"; sourceTree = "<group>"; };
		452311C214FD2AE20080629F /* high-nor@2x.png */ = {isa = PBXFileReference; lastKnownFileType = image.png; path = "high-nor@2x.png"; sourceTree = "<group>"; };
		452311C314FD2AE20080629F /* line.png */ = {isa = PBXFileReference; lastKnownFileType = image.png; path = line.png; sourceTree = "<group>"; };
		452311C414FD2AE20080629F /* line@2x.png */ = {isa = PBXFileReference; lastKnownFileType = image.png; path = "line@2x.png"; sourceTree = "<group>"; };
		452311C514FD2AE20080629F /* low-down.png */ = {isa = PBXFileReference; lastKnownFileType = image.png; path = "low-down.png"; sourceTree = "<group>"; };
		452311C614FD2AE20080629F /* low-down@2x.png */ = {isa = PBXFileReference; lastKnownFileType = image.png; path = "low-down@2x.png"; sourceTree = "<group>"; };
		452311C714FD2AE20080629F /* low-nor.png */ = {isa = PBXFileReference; lastKnownFileType = image.png; path = "low-nor.png"; sourceTree = "<group>"; };
		452311C814FD2AE20080629F /* low-nor@2x.png */ = {isa = PBXFileReference; lastKnownFileType = image.png; path = "low-nor@2x.png"; sourceTree = "<group>"; };
		452311C914FD2AE20080629F /* mid-down.png */ = {isa = PBXFileReference; lastKnownFileType = image.png; path = "mid-down.png"; sourceTree = "<group>"; };
		452311CA14FD2AE20080629F /* mid-down@2x.png */ = {isa = PBXFileReference; lastKnownFileType = image.png; path = "mid-down@2x.png"; sourceTree = "<group>"; };
		452311CB14FD2AE20080629F /* mid-nor.png */ = {isa = PBXFileReference; lastKnownFileType = image.png; path = "mid-nor.png"; sourceTree = "<group>"; };
		452311CC14FD2AE20080629F /* mid-nor@2x.png */ = {isa = PBXFileReference; lastKnownFileType = image.png; path = "mid-nor@2x.png"; sourceTree = "<group>"; };
		452311CD14FD2AE20080629F /* nav.png */ = {isa = PBXFileReference; lastKnownFileType = image.png; path = nav.png; sourceTree = "<group>"; };
		452311CE14FD2AE20080629F /* nav@2x.png */ = {isa = PBXFileReference; lastKnownFileType = image.png; path = "nav@2x.png"; sourceTree = "<group>"; };
		452311CF14FD2AE20080629F /* none-down.png */ = {isa = PBXFileReference; lastKnownFileType = image.png; path = "none-down.png"; sourceTree = "<group>"; };
		452311D014FD2AE20080629F /* none-down@2x.png */ = {isa = PBXFileReference; lastKnownFileType = image.png; path = "none-down@2x.png"; sourceTree = "<group>"; };
		452311D114FD2AE20080629F /* none-nor.png */ = {isa = PBXFileReference; lastKnownFileType = image.png; path = "none-nor.png"; sourceTree = "<group>"; };
		452311D214FD2AE20080629F /* none-nor@2x.png */ = {isa = PBXFileReference; lastKnownFileType = image.png; path = "none-nor@2x.png"; sourceTree = "<group>"; };
		452311D314FD2AE20080629F /* note.png */ = {isa = PBXFileReference; lastKnownFileType = image.png; path = note.png; sourceTree = "<group>"; };
		452311D414FD2AE20080629F /* note@2x.png */ = {isa = PBXFileReference; lastKnownFileType = image.png; path = "note@2x.png"; sourceTree = "<group>"; };
		452311D514FD2AE20080629F /* notification.png */ = {isa = PBXFileReference; lastKnownFileType = image.png; path = notification.png; sourceTree = "<group>"; };
		452311D614FD2AE20080629F /* notification@2x.png */ = {isa = PBXFileReference; lastKnownFileType = image.png; path = "notification@2x.png"; sourceTree = "<group>"; };
		452311D714FD2AE20080629F /* rightpage.png */ = {isa = PBXFileReference; lastKnownFileType = image.png; path = rightpage.png; sourceTree = "<group>"; };
		452311D814FD2AE20080629F /* rightpage@2x.png */ = {isa = PBXFileReference; lastKnownFileType = image.png; path = "rightpage@2x.png"; sourceTree = "<group>"; };
		452311D914FD2AE20080629F /* save-down.png */ = {isa = PBXFileReference; lastKnownFileType = image.png; path = "save-down.png"; sourceTree = "<group>"; };
		452311DA14FD2AE20080629F /* save-down@2x.png */ = {isa = PBXFileReference; lastKnownFileType = image.png; path = "save-down@2x.png"; sourceTree = "<group>"; };
		452311DB14FD2AE20080629F /* save-normal.png */ = {isa = PBXFileReference; lastKnownFileType = image.png; path = "save-normal.png"; sourceTree = "<group>"; };
		452311DC14FD2AE20080629F /* save-normal@2x.png */ = {isa = PBXFileReference; lastKnownFileType = image.png; path = "save-normal@2x.png"; sourceTree = "<group>"; };
		452311DD14FD2AE20080629F /* send-down.png */ = {isa = PBXFileReference; lastKnownFileType = image.png; path = "send-down.png"; sourceTree = "<group>"; };
		452311DE14FD2AE20080629F /* send-down@2x.png */ = {isa = PBXFileReference; lastKnownFileType = image.png; path = "send-down@2x.png"; sourceTree = "<group>"; };
		452311DF14FD2AE20080629F /* send-nor.png */ = {isa = PBXFileReference; lastKnownFileType = image.png; path = "send-nor.png"; sourceTree = "<group>"; };
		452311E014FD2AE20080629F /* send-nor@2x.png */ = {isa = PBXFileReference; lastKnownFileType = image.png; path = "send-nor@2x.png"; sourceTree = "<group>"; };
		BF0B61B314F62C9C00A2FEF8 /* ItemCell.h */ = {isa = PBXFileReference; fileEncoding = 4; lastKnownFileType = sourcecode.c.h; path = ItemCell.h; sourceTree = "<group>"; };
		BF0B61B414F62C9C00A2FEF8 /* ItemCell.m */ = {isa = PBXFileReference; fileEncoding = 4; lastKnownFileType = sourcecode.c.objc; path = ItemCell.m; sourceTree = "<group>"; };
		BF51D7B414F7C78D00B0BFC3 /* AboutViewController.h */ = {isa = PBXFileReference; fileEncoding = 4; lastKnownFileType = sourcecode.c.h; path = AboutViewController.h; sourceTree = "<group>"; };
		BF51D7B514F7C78D00B0BFC3 /* AboutViewController.m */ = {isa = PBXFileReference; fileEncoding = 4; lastKnownFileType = sourcecode.c.objc; path = AboutViewController.m; sourceTree = "<group>"; };
		BF51D7B714F7C90C00B0BFC3 /* FinishViewController.h */ = {isa = PBXFileReference; fileEncoding = 4; lastKnownFileType = sourcecode.c.h; path = FinishViewController.h; sourceTree = "<group>"; };
		BF51D7B814F7C90D00B0BFC3 /* FinishViewController.m */ = {isa = PBXFileReference; fileEncoding = 4; lastKnownFileType = sourcecode.c.objc; path = FinishViewController.m; sourceTree = "<group>"; };
		BF9724AC14ECEA2800C42892 /* UFocus.app */ = {isa = PBXFileReference; explicitFileType = wrapper.application; includeInIndex = 0; path = UFocus.app; sourceTree = BUILT_PRODUCTS_DIR; };
		BF9724B014ECEA2800C42892 /* UIKit.framework */ = {isa = PBXFileReference; lastKnownFileType = wrapper.framework; name = UIKit.framework; path = System/Library/Frameworks/UIKit.framework; sourceTree = SDKROOT; };
		BF9724B214ECEA2800C42892 /* Foundation.framework */ = {isa = PBXFileReference; lastKnownFileType = wrapper.framework; name = Foundation.framework; path = System/Library/Frameworks/Foundation.framework; sourceTree = SDKROOT; };
		BF9724B414ECEA2800C42892 /* CoreGraphics.framework */ = {isa = PBXFileReference; lastKnownFileType = wrapper.framework; name = CoreGraphics.framework; path = System/Library/Frameworks/CoreGraphics.framework; sourceTree = SDKROOT; };
		BF9724B614ECEA2800C42892 /* CoreData.framework */ = {isa = PBXFileReference; lastKnownFileType = wrapper.framework; name = CoreData.framework; path = System/Library/Frameworks/CoreData.framework; sourceTree = SDKROOT; };
		BF9724BA14ECEA2800C42892 /* UFocus-Info.plist */ = {isa = PBXFileReference; lastKnownFileType = text.plist.xml; path = "UFocus-Info.plist"; sourceTree = "<group>"; };
		BF9724BC14ECEA2800C42892 /* en */ = {isa = PBXFileReference; lastKnownFileType = text.plist.strings; name = en; path = en.lproj/InfoPlist.strings; sourceTree = "<group>"; };
		BF9724BE14ECEA2800C42892 /* main.m */ = {isa = PBXFileReference; lastKnownFileType = sourcecode.c.objc; path = main.m; sourceTree = "<group>"; };
		BF9724C014ECEA2800C42892 /* UFocus-Prefix.pch */ = {isa = PBXFileReference; lastKnownFileType = sourcecode.c.h; path = "UFocus-Prefix.pch"; sourceTree = "<group>"; };
		BF9724C514ECEA2800C42892 /* focus.xcdatamodel */ = {isa = PBXFileReference; lastKnownFileType = wrapper.xcdatamodel; path = focus.xcdatamodel; sourceTree = "<group>"; };
		BF9724DA14ECEA8600C42892 /* AppDelegate.h */ = {isa = PBXFileReference; fileEncoding = 4; lastKnownFileType = sourcecode.c.h; path = AppDelegate.h; sourceTree = "<group>"; };
		BF9724DB14ECEA8600C42892 /* AppDelegate.m */ = {isa = PBXFileReference; fileEncoding = 4; lastKnownFileType = sourcecode.c.objc; path = AppDelegate.m; sourceTree = "<group>"; };
		BF9724DD14ECEAB800C42892 /* RootViewController.h */ = {isa = PBXFileReference; fileEncoding = 4; lastKnownFileType = sourcecode.c.h; path = RootViewController.h; sourceTree = "<group>"; };
		BF9724DE14ECEAB800C42892 /* RootViewController.m */ = {isa = PBXFileReference; fileEncoding = 4; lastKnownFileType = sourcecode.c.objc; path = RootViewController.m; sourceTree = "<group>"; };
		BF9724DF14ECEAB800C42892 /* MainStoryboard.storyboard */ = {isa = PBXFileReference; fileEncoding = 4; lastKnownFileType = file.storyboard; path = MainStoryboard.storyboard; sourceTree = "<group>"; };
		BF9724E014ECEAB800C42892 /* DetailViewController.h */ = {isa = PBXFileReference; fileEncoding = 4; lastKnownFileType = sourcecode.c.h; path = DetailViewController.h; sourceTree = "<group>"; };
		BF9724E114ECEAB800C42892 /* DetailViewController.m */ = {isa = PBXFileReference; fileEncoding = 4; lastKnownFileType = sourcecode.c.objc; path = DetailViewController.m; sourceTree = "<group>"; };
		BF9724E214ECEAB800C42892 /* UIView+Badge.h */ = {isa = PBXFileReference; fileEncoding = 4; lastKnownFileType = sourcecode.c.h; path = "UIView+Badge.h"; sourceTree = "<group>"; };
		BF9724E314ECEAB800C42892 /* UIView+Badge.m */ = {isa = PBXFileReference; fileEncoding = 4; lastKnownFileType = sourcecode.c.objc; path = "UIView+Badge.m"; sourceTree = "<group>"; };
		BF9724E914ECEADC00C42892 /* InboxViewController.h */ = {isa = PBXFileReference; fileEncoding = 4; lastKnownFileType = sourcecode.c.h; path = InboxViewController.h; sourceTree = "<group>"; };
		BF9724EA14ECEADC00C42892 /* InboxViewController.m */ = {isa = PBXFileReference; fileEncoding = 4; lastKnownFileType = sourcecode.c.objc; path = InboxViewController.m; sourceTree = "<group>"; };
		BF9724EB14ECEADC00C42892 /* TodayViewController.h */ = {isa = PBXFileReference; fileEncoding = 4; lastKnownFileType = sourcecode.c.h; path = TodayViewController.h; sourceTree = "<group>"; };
		BF9724EC14ECEADC00C42892 /* TodayViewController.m */ = {isa = PBXFileReference; fileEncoding = 4; lastKnownFileType = sourcecode.c.objc; path = TodayViewController.m; sourceTree = "<group>"; };
		BF9724ED14ECEADC00C42892 /* AfterViewController.h */ = {isa = PBXFileReference; fileEncoding = 4; lastKnownFileType = sourcecode.c.h; path = AfterViewController.h; sourceTree = "<group>"; };
		BF9724EE14ECEADC00C42892 /* AfterViewController.m */ = {isa = PBXFileReference; fileEncoding = 4; lastKnownFileType = sourcecode.c.objc; path = AfterViewController.m; sourceTree = "<group>"; };
		BF9724EF14ECEADC00C42892 /* SomedayViewController.h */ = {isa = PBXFileReference; fileEncoding = 4; lastKnownFileType = sourcecode.c.h; path = SomedayViewController.h; sourceTree = "<group>"; };
		BF9724F014ECEADC00C42892 /* SomedayViewController.m */ = {isa = PBXFileReference; fileEncoding = 4; lastKnownFileType = sourcecode.c.objc; path = SomedayViewController.m; sourceTree = "<group>"; };
		BF9724F114ECEADC00C42892 /* MainviewController.h */ = {isa = PBXFileReference; fileEncoding = 4; lastKnownFileType = sourcecode.c.h; path = MainviewController.h; sourceTree = "<group>"; };
		BF9724F214ECEADC00C42892 /* MainviewController.m */ = {isa = PBXFileReference; fileEncoding = 4; lastKnownFileType = sourcecode.c.objc; path = MainviewController.m; sourceTree = "<group>"; };
		BF97250314ECEFA000C42892 /* Item.h */ = {isa = PBXFileReference; fileEncoding = 4; lastKnownFileType = sourcecode.c.h; path = Item.h; sourceTree = "<group>"; };
		BF97250414ECEFA000C42892 /* Item.m */ = {isa = PBXFileReference; fileEncoding = 4; lastKnownFileType = sourcecode.c.objc; path = Item.m; sourceTree = "<group>"; };
		BF97250614ECF00400C42892 /* Project.h */ = {isa = PBXFileReference; fileEncoding = 4; lastKnownFileType = sourcecode.c.h; path = Project.h; sourceTree = "<group>"; };
		BF97250714ECF00400C42892 /* Project.m */ = {isa = PBXFileReference; fileEncoding = 4; lastKnownFileType = sourcecode.c.objc; path = Project.m; sourceTree = "<group>"; };
		BF97250914ECF00400C42892 /* Tag.h */ = {isa = PBXFileReference; fileEncoding = 4; lastKnownFileType = sourcecode.c.h; path = Tag.h; sourceTree = "<group>"; };
		BF97250A14ECF00400C42892 /* Tag.m */ = {isa = PBXFileReference; fileEncoding = 4; lastKnownFileType = sourcecode.c.objc; path = Tag.m; sourceTree = "<group>"; };
		BFC351B314FB60F300A5BE7B /* add-down.png */ = {isa = PBXFileReference; lastKnownFileType = image.png; path = "add-down.png"; sourceTree = "<group>"; };
		BFC351B414FB60F300A5BE7B /* add-down@2x.png */ = {isa = PBXFileReference; lastKnownFileType = image.png; path = "add-down@2x.png"; sourceTree = "<group>"; };
		BFC351B514FB60F300A5BE7B /* add-normal.png */ = {isa = PBXFileReference; lastKnownFileType = image.png; path = "add-normal.png"; sourceTree = "<group>"; };
		BFC351B614FB60F300A5BE7B /* add-normal@2x.png */ = {isa = PBXFileReference; lastKnownFileType = image.png; path = "add-normal@2x.png"; sourceTree = "<group>"; };
		BFC351B714FB60F300A5BE7B /* after-down.png */ = {isa = PBXFileReference; lastKnownFileType = image.png; path = "after-down.png"; sourceTree = "<group>"; };
		BFC351B814FB60F300A5BE7B /* after-down@2x.png */ = {isa = PBXFileReference; lastKnownFileType = image.png; path = "after-down@2x.png"; sourceTree = "<group>"; };
		BFC351B914FB60F300A5BE7B /* after-normal.png */ = {isa = PBXFileReference; lastKnownFileType = image.png; path = "after-normal.png"; sourceTree = "<group>"; };
		BFC351BA14FB60F300A5BE7B /* after-normal@2x.png */ = {isa = PBXFileReference; lastKnownFileType = image.png; path = "after-normal@2x.png"; sourceTree = "<group>"; };
		BFC351BB14FB60F300A5BE7B /* after.png */ = {isa = PBXFileReference; lastKnownFileType = image.png; path = after.png; sourceTree = "<group>"; };
		BFC351BC14FB60F300A5BE7B /* after@2x.png */ = {isa = PBXFileReference; lastKnownFileType = image.png; path = "after@2x.png"; sourceTree = "<group>"; };
		BFC351BD14FB60F300A5BE7B /* alarm.png */ = {isa = PBXFileReference; lastKnownFileType = image.png; path = alarm.png; sourceTree = "<group>"; };
		BFC351BE14FB60F300A5BE7B /* alarm@2x.png */ = {isa = PBXFileReference; lastKnownFileType = image.png; path = "alarm@2x.png"; sourceTree = "<group>"; };
		BFC351BF14FB60F300A5BE7B /* book-bg.png */ = {isa = PBXFileReference; lastKnownFileType = image.png; path = "book-bg.png"; sourceTree = "<group>"; };
		BFC351C014FB60F300A5BE7B /* book-bg@2x.png */ = {isa = PBXFileReference; lastKnownFileType = image.png; path = "book-bg@2x.png"; sourceTree = "<group>"; };
		BFC351C114FB60F300A5BE7B /* chechbox2.png */ = {isa = PBXFileReference; lastKnownFileType = image.png; path = chechbox2.png; sourceTree = "<group>"; };
		BFC351C214FB60F300A5BE7B /* chechbox2@2x.png */ = {isa = PBXFileReference; lastKnownFileType = image.png; path = "chechbox2@2x.png"; sourceTree = "<group>"; };
		BFC351C314FB60F300A5BE7B /* checkbox.png */ = {isa = PBXFileReference; lastKnownFileType = image.png; path = checkbox.png; sourceTree = "<group>"; };
		BFC351C414FB60F300A5BE7B /* checkbox@2x.png */ = {isa = PBXFileReference; lastKnownFileType = image.png; path = "checkbox@2x.png"; sourceTree = "<group>"; };
		BFC351C514FB60F300A5BE7B /* espired.png */ = {isa = PBXFileReference; lastKnownFileType = image.png; path = espired.png; sourceTree = "<group>"; };
		BFC351C614FB60F300A5BE7B /* espired@2x.png */ = {isa = PBXFileReference; lastKnownFileType = image.png; path = "espired@2x.png"; sourceTree = "<group>"; };
		BFC351C714FB60F300A5BE7B /* float.png */ = {isa = PBXFileReference; lastKnownFileType = image.png; path = float.png; sourceTree = "<group>"; };
		BFC351C814FB60F300A5BE7B /* float@2x.png */ = {isa = PBXFileReference; lastKnownFileType = image.png; path = "float@2x.png"; sourceTree = "<group>"; };
		BFC351C914FB60F300A5BE7B /* inbox-down.png */ = {isa = PBXFileReference; lastKnownFileType = image.png; path = "inbox-down.png"; sourceTree = "<group>"; };
		BFC351CA14FB60F300A5BE7B /* inbox-down@2x.png */ = {isa = PBXFileReference; lastKnownFileType = image.png; path = "inbox-down@2x.png"; sourceTree = "<group>"; };
		BFC351CB14FB60F300A5BE7B /* inbox-normal.png */ = {isa = PBXFileReference; lastKnownFileType = image.png; path = "inbox-normal.png"; sourceTree = "<group>"; };
		BFC351CC14FB60F300A5BE7B /* inbox-normal@2x.png */ = {isa = PBXFileReference; lastKnownFileType = image.png; path = "inbox-normal@2x.png"; sourceTree = "<group>"; };
		BFC351CD14FB60F300A5BE7B /* inbox.png */ = {isa = PBXFileReference; lastKnownFileType = image.png; path = inbox.png; sourceTree = "<group>"; };
		BFC351CE14FB60F300A5BE7B /* inbox@2x.png */ = {isa = PBXFileReference; lastKnownFileType = image.png; path = "inbox@2x.png"; sourceTree = "<group>"; };
		BFC351D114FB60F300A5BE7B /* Mild.png */ = {isa = PBXFileReference; lastKnownFileType = image.png; path = Mild.png; sourceTree = "<group>"; };
		BFC351D214FB60F300A5BE7B /* Mild@2x.png */ = {isa = PBXFileReference; lastKnownFileType = image.png; path = "Mild@2x.png"; sourceTree = "<group>"; };
		BFC351D314FB60F300A5BE7B /* Minimal.png */ = {isa = PBXFileReference; lastKnownFileType = image.png; path = Minimal.png; sourceTree = "<group>"; };
		BFC351D414FB60F300A5BE7B /* Minimal@2x.png */ = {isa = PBXFileReference; lastKnownFileType = image.png; path = "Minimal@2x.png"; sourceTree = "<group>"; };
		BFC351D514FB60F300A5BE7B /* Moderate.png */ = {isa = PBXFileReference; lastKnownFileType = image.png; path = Moderate.png; sourceTree = "<group>"; };
		BFC351D614FB60F300A5BE7B /* Moderate@2x.png */ = {isa = PBXFileReference; lastKnownFileType = image.png; path = "Moderate@2x.png"; sourceTree = "<group>"; };
		BFC351D714FB60F300A5BE7B /* more.png */ = {isa = PBXFileReference; lastKnownFileType = image.png; path = more.png; sourceTree = "<group>"; };
		BFC351D814FB60F300A5BE7B /* more@2x.png */ = {isa = PBXFileReference; lastKnownFileType = image.png; path = "more@2x.png"; sourceTree = "<group>"; };
		BFC351D914FB60F300A5BE7B /* section-bg.png */ = {isa = PBXFileReference; lastKnownFileType = image.png; path = "section-bg.png"; sourceTree = "<group>"; };
		BFC351DA14FB60F300A5BE7B /* section-bg@2x.png */ = {isa = PBXFileReference; lastKnownFileType = image.png; path = "section-bg@2x.png"; sourceTree = "<group>"; };
		BFC351DB14FB60F300A5BE7B /* Severe.png */ = {isa = PBXFileReference; lastKnownFileType = image.png; path = Severe.png; sourceTree = "<group>"; };
		BFC351DC14FB60F300A5BE7B /* Severe@2x.png */ = {isa = PBXFileReference; lastKnownFileType = image.png; path = "Severe@2x.png"; sourceTree = "<group>"; };
		BFC351DD14FB60F300A5BE7B /* someday-down.png */ = {isa = PBXFileReference; lastKnownFileType = image.png; path = "someday-down.png"; sourceTree = "<group>"; };
		BFC351DE14FB60F300A5BE7B /* someday-down@2x.png */ = {isa = PBXFileReference; lastKnownFileType = image.png; path = "someday-down@2x.png"; sourceTree = "<group>"; };
		BFC351DF14FB60F300A5BE7B /* someday-normal.png */ = {isa = PBXFileReference; lastKnownFileType = image.png; path = "someday-normal.png"; sourceTree = "<group>"; };
		BFC351E014FB60F300A5BE7B /* someday-normal@2x.png */ = {isa = PBXFileReference; lastKnownFileType = image.png; path = "someday-normal@2x.png"; sourceTree = "<group>"; };
		BFC351E114FB60F300A5BE7B /* someday.png */ = {isa = PBXFileReference; lastKnownFileType = image.png; path = someday.png; sourceTree = "<group>"; };
		BFC351E214FB60F300A5BE7B /* someday@2x.png */ = {isa = PBXFileReference; lastKnownFileType = image.png; path = "someday@2x.png"; sourceTree = "<group>"; };
		BFC351E314FB60F300A5BE7B /* title-today.png */ = {isa = PBXFileReference; lastKnownFileType = image.png; path = "title-today.png"; sourceTree = "<group>"; };
		BFC351E414FB60F300A5BE7B /* title-today@2x.png */ = {isa = PBXFileReference; lastKnownFileType = image.png; path = "title-today@2x.png"; sourceTree = "<group>"; };
		BFC351E514FB60F300A5BE7B /* today-down.png */ = {isa = PBXFileReference; lastKnownFileType = image.png; path = "today-down.png"; sourceTree = "<group>"; };
		BFC351E614FB60F300A5BE7B /* today-down@2x.png */ = {isa = PBXFileReference; lastKnownFileType = image.png; path = "today-down@2x.png"; sourceTree = "<group>"; };
		BFC351E714FB60F300A5BE7B /* today-normal.png */ = {isa = PBXFileReference; lastKnownFileType = image.png; path = "today-normal.png"; sourceTree = "<group>"; };
		BFC351E814FB60F300A5BE7B /* today-normal@2x.png */ = {isa = PBXFileReference; lastKnownFileType = image.png; path = "today-normal@2x.png"; sourceTree = "<group>"; };
		BFC351E914FB60F300A5BE7B /* today.png */ = {isa = PBXFileReference; lastKnownFileType = image.png; path = today.png; sourceTree = "<group>"; };
		BFC351EA14FB60F300A5BE7B /* today@2x.png */ = {isa = PBXFileReference; lastKnownFileType = image.png; path = "today@2x.png"; sourceTree = "<group>"; };
		BFC351ED14FB60F300A5BE7B /* type.png */ = {isa = PBXFileReference; lastKnownFileType = image.png; path = type.png; sourceTree = "<group>"; };
		BFC351EE14FB60F300A5BE7B /* type@2x.png */ = {isa = PBXFileReference; lastKnownFileType = image.png; path = "type@2x.png"; sourceTree = "<group>"; };
		BFC3522B14FB644B00A5BE7B /* tool.png */ = {isa = PBXFileReference; lastKnownFileType = image.png; path = tool.png; sourceTree = "<group>"; };
		BFC3522C14FB644B00A5BE7B /* tool@2x.png */ = {isa = PBXFileReference; lastKnownFileType = image.png; path = "tool@2x.png"; sourceTree = "<group>"; };
		BFC3523314FB786B00A5BE7B /* rightpage@2x.png */ = {isa = PBXFileReference; lastKnownFileType = image.png; path = "rightpage@2x.png"; sourceTree = "<group>"; };
		BFC3523414FB786B00A5BE7B /* navigation@2x.png */ = {isa = PBXFileReference; lastKnownFileType = image.png; path = "navigation@2x.png"; sourceTree = "<group>"; };
		BFC3523514FB786B00A5BE7B /* rightpage.png */ = {isa = PBXFileReference; lastKnownFileType = image.png; path = rightpage.png; sourceTree = "<group>"; };
		BFC3523614FB786B00A5BE7B /* navigation.png */ = {isa = PBXFileReference; lastKnownFileType = image.png; path = navigation.png; sourceTree = "<group>"; };
		BFD1947D14F8E10500031883 /* SimpleViewController.h */ = {isa = PBXFileReference; fileEncoding = 4; lastKnownFileType = sourcecode.c.h; path = SimpleViewController.h; sourceTree = "<group>"; };
		BFD1947E14F8E10500031883 /* SimpleViewController.m */ = {isa = PBXFileReference; fileEncoding = 4; lastKnownFileType = sourcecode.c.objc; path = SimpleViewController.m; sourceTree = "<group>"; };
		BFD1948014F8FFDA00031883 /* FromSimpleToDetailSegue.h */ = {isa = PBXFileReference; fileEncoding = 4; lastKnownFileType = sourcecode.c.h; path = FromSimpleToDetailSegue.h; sourceTree = "<group>"; };
		BFD1948114F8FFDA00031883 /* FromSimpleToDetailSegue.m */ = {isa = PBXFileReference; fileEncoding = 4; lastKnownFileType = sourcecode.c.objc; path = FromSimpleToDetailSegue.m; sourceTree = "<group>"; };
		BFE15F9B14FA27E400AF0114 /* MessageUI.framework */ = {isa = PBXFileReference; lastKnownFileType = wrapper.framework; name = MessageUI.framework; path = System/Library/Frameworks/MessageUI.framework; sourceTree = SDKROOT; };
/* End PBXFileReference section */

/* Begin PBXFrameworksBuildPhase section */
		BF9724A914ECEA2800C42892 /* Frameworks */ = {
			isa = PBXFrameworksBuildPhase;
			buildActionMask = 2147483647;
			files = (
				29D55FAD1506FF4E00328766 /* QuartzCore.framework in Frameworks */,
				BFE15F9C14FA27E400AF0114 /* MessageUI.framework in Frameworks */,
				BF9724B114ECEA2800C42892 /* UIKit.framework in Frameworks */,
				BF9724B314ECEA2800C42892 /* Foundation.framework in Frameworks */,
				BF9724B514ECEA2800C42892 /* CoreGraphics.framework in Frameworks */,
				BF9724B714ECEA2800C42892 /* CoreData.framework in Frameworks */,
			);
			runOnlyForDeploymentPostprocessing = 0;
		};
/* End PBXFrameworksBuildPhase section */

/* Begin PBXGroup section */
		297AAC9814FE55F3003B006E /* addone */ = {
			isa = PBXGroup;
			children = (
				297AAC9914FE55F5003B006E /* add.png */,
				297AAC9A14FE55F5003B006E /* add@2x.png */,
				297AAC9B14FE55F5003B006E /* start.png */,
				297AAC9C14FE55F5003B006E /* start@2x.png */,
				297AAC9D14FE55F5003B006E /* title.png */,
				297AAC9E14FE55F5003B006E /* title@2x.png */,
				297AAC9F14FE55F5003B006E /* zhongyaodu-bg.png */,
				297AACA014FE55F5003B006E /* zhongyaodu-bg@2x.png */,
			);
			path = addone;
			sourceTree = "<group>";
		};
		2991274914FF8929007E82B4 /* finish */ = {
			isa = PBXGroup;
			children = (
				2991274A14FF8929007E82B4 /* back-down.png */,
				2991274B14FF8929007E82B4 /* back-down@2x.png */,
				2991274C14FF8929007E82B4 /* back.png */,
				2991274D14FF8929007E82B4 /* back@2x.png */,
				2991274E14FF8929007E82B4 /* edit-down.png */,
				2991274F14FF8929007E82B4 /* edit-down@2x.png */,
				2991275014FF8929007E82B4 /* edit-norm.png */,
				2991275114FF8929007E82B4 /* edit-norm@2x.png */,
				2991275214FF8929007E82B4 /* finished.png */,
				2991275314FF8929007E82B4 /* finished@2x.png */,
			);
			path = finish;
			sourceTree = "<group>";
		};
		452311AA14FD2AE20080629F /* detail */ = {
			isa = PBXGroup;
			children = (
				297AAC9814FE55F3003B006E /* addone */,
				452311AB14FD2AE20080629F /* add1 */,
				452311B414FD2AE20080629F /* add2 */,
			);
			path = detail;
			sourceTree = "<group>";
		};
		452311AB14FD2AE20080629F /* add1 */ = {
			isa = PBXGroup;
			children = (
				452311AC14FD2AE20080629F /* due2.png */,
				452311AD14FD2AE20080629F /* due2@2x.png */,
				452311AE14FD2AE20080629F /* more option.png */,
				452311AF14FD2AE20080629F /* more options@2x.png */,
				452311B014FD2AE20080629F /* notification2.png */,
				452311B114FD2AE20080629F /* notification2@2x.png */,
				452311B214FD2AE20080629F /* title2.png */,
				452311B314FD2AE20080629F /* title2@2x.png */,
			);
			path = add1;
			sourceTree = "<group>";
		};
		452311B414FD2AE20080629F /* add2 */ = {
			isa = PBXGroup;
			children = (
				452311B514FD2AE20080629F /* delete-down.png */,
				452311B614FD2AE20080629F /* delete-down@2x.png */,
				452311B714FD2AE20080629F /* delete-nor.png */,
				452311B814FD2AE20080629F /* delete-nor@2x.png */,
				452311B914FD2AE20080629F /* due date.png */,
				452311BA14FD2AE20080629F /* due date@2x.png */,
				452311BB14FD2AE20080629F /* duration@2x.png */,
				29DA087014FDEE93006CB7C8 /* duration.png */,
				452311BD14FD2AE20080629F /* edit.png */,
				452311BE14FD2AE20080629F /* edit@2x.png */,
				452311BF14FD2AE20080629F /* high-down.png */,
				452311C014FD2AE20080629F /* high-down@2x.png */,
				452311C114FD2AE20080629F /* high-nor.png */,
				452311C214FD2AE20080629F /* high-nor@2x.png */,
				452311C314FD2AE20080629F /* line.png */,
				452311C414FD2AE20080629F /* line@2x.png */,
				452311C514FD2AE20080629F /* low-down.png */,
				452311C614FD2AE20080629F /* low-down@2x.png */,
				452311C714FD2AE20080629F /* low-nor.png */,
				452311C814FD2AE20080629F /* low-nor@2x.png */,
				452311C914FD2AE20080629F /* mid-down.png */,
				452311CA14FD2AE20080629F /* mid-down@2x.png */,
				452311CB14FD2AE20080629F /* mid-nor.png */,
				452311CC14FD2AE20080629F /* mid-nor@2x.png */,
				452311CD14FD2AE20080629F /* nav.png */,
				452311CE14FD2AE20080629F /* nav@2x.png */,
				452311CF14FD2AE20080629F /* none-down.png */,
				452311D014FD2AE20080629F /* none-down@2x.png */,
				452311D114FD2AE20080629F /* none-nor.png */,
				452311D214FD2AE20080629F /* none-nor@2x.png */,
				452311D314FD2AE20080629F /* note.png */,
				452311D414FD2AE20080629F /* note@2x.png */,
				452311D514FD2AE20080629F /* notification.png */,
				452311D614FD2AE20080629F /* notification@2x.png */,
				452311D714FD2AE20080629F /* rightpage.png */,
				452311D814FD2AE20080629F /* rightpage@2x.png */,
				452311D914FD2AE20080629F /* save-down.png */,
				452311DA14FD2AE20080629F /* save-down@2x.png */,
				452311DB14FD2AE20080629F /* save-normal.png */,
				452311DC14FD2AE20080629F /* save-normal@2x.png */,
				452311DD14FD2AE20080629F /* send-down.png */,
				452311DE14FD2AE20080629F /* send-down@2x.png */,
				452311DF14FD2AE20080629F /* send-nor.png */,
				452311E014FD2AE20080629F /* send-nor@2x.png */,
			);
			path = add2;
			sourceTree = "<group>";
		};
		BF51D7B314F7C73400B0BFC3 /* Other View Class */ = {
			isa = PBXGroup;
			children = (
				BF51D7B414F7C78D00B0BFC3 /* AboutViewController.h */,
				BF51D7B514F7C78D00B0BFC3 /* AboutViewController.m */,
			);
			name = "Other View Class";
			sourceTree = "<group>";
		};
		BF5DB6BB14EE44C000E2D774 /* AppDelegate */ = {
			isa = PBXGroup;
			children = (
				BF9724DA14ECEA8600C42892 /* AppDelegate.h */,
				BF9724DB14ECEA8600C42892 /* AppDelegate.m */,
				29597B421504ACB10063DA2C /* Macros.h */,
			);
			name = AppDelegate;
			sourceTree = "<group>";
		};
		BF5DB6BC14EE450E00E2D774 /* Root and Scroll Classes */ = {
			isa = PBXGroup;
			children = (
				BF9724DD14ECEAB800C42892 /* RootViewController.h */,
				BF9724DE14ECEAB800C42892 /* RootViewController.m */,
				BF9724E214ECEAB800C42892 /* UIView+Badge.h */,
				BF9724E314ECEAB800C42892 /* UIView+Badge.m */,
			);
			name = "Root and Scroll Classes";
			sourceTree = "<group>";
		};
		BF5DB6BD14EE453000E2D774 /* Detail Classes */ = {
			isa = PBXGroup;
			children = (
				BF9724E014ECEAB800C42892 /* DetailViewController.h */,
				BF9724E114ECEAB800C42892 /* DetailViewController.m */,
				BFD1947D14F8E10500031883 /* SimpleViewController.h */,
				BFD1947E14F8E10500031883 /* SimpleViewController.m */,
				BFD1948014F8FFDA00031883 /* FromSimpleToDetailSegue.h */,
				BFD1948114F8FFDA00031883 /* FromSimpleToDetailSegue.m */,
			);
			name = "Detail Classes";
			sourceTree = "<group>";
		};
		BF9724A114ECEA2800C42892 = {
			isa = PBXGroup;
			children = (
				2914C2F01507892F00A04662 /* icon@2x.png */,
				2914C2EE1507892A00A04662 /* icon.png */,
				2914C2E815077BB300A04662 /* Default@2x.png */,
				2914C2E615077AFD00A04662 /* Default.png */,
				BF9724B814ECEA2800C42892 /* focus */,
				BF9724AF14ECEA2800C42892 /* Frameworks */,
				BF9724AD14ECEA2800C42892 /* Products */,
			);
			sourceTree = "<group>";
		};
		BF9724AD14ECEA2800C42892 /* Products */ = {
			isa = PBXGroup;
			children = (
				BF9724AC14ECEA2800C42892 /* UFocus.app */,
			);
			name = Products;
			sourceTree = "<group>";
		};
		BF9724AF14ECEA2800C42892 /* Frameworks */ = {
			isa = PBXGroup;
			children = (
				29D55FAC1506FF4E00328766 /* QuartzCore.framework */,
				BFE15F9B14FA27E400AF0114 /* MessageUI.framework */,
				BF9724B014ECEA2800C42892 /* UIKit.framework */,
				BF9724B214ECEA2800C42892 /* Foundation.framework */,
				BF9724B414ECEA2800C42892 /* CoreGraphics.framework */,
				BF9724B614ECEA2800C42892 /* CoreData.framework */,
			);
			name = Frameworks;
			sourceTree = "<group>";
		};
		BF9724B814ECEA2800C42892 /* focus */ = {
			isa = PBXGroup;
			children = (
				29597B411504AC550063DA2C /* focus.entitlements */,
				BF5DB6BB14EE44C000E2D774 /* AppDelegate */,
				BF9724D014ECEA4D00C42892 /* Model Classes */,
				BF9724E814ECEACA00C42892 /* Main View Controller */,
				BF5DB6BC14EE450E00E2D774 /* Root and Scroll Classes */,
				BF5DB6BD14EE453000E2D774 /* Detail Classes */,
				BF51D7B314F7C73400B0BFC3 /* Other View Class */,
				BF9724DF14ECEAB800C42892 /* MainStoryboard.storyboard */,
				BF9724B914ECEA2800C42892 /* Supporting Files */,
			);
			path = focus;
			sourceTree = "<group>";
		};
		BF9724B914ECEA2800C42892 /* Supporting Files */ = {
			isa = PBXGroup;
			children = (
				BFC351B214FB60F300A5BE7B /* image */,
				BF9724BA14ECEA2800C42892 /* UFocus-Info.plist */,
				BF9724BB14ECEA2800C42892 /* InfoPlist.strings */,
				BF9724BE14ECEA2800C42892 /* main.m */,
				BF9724C014ECEA2800C42892 /* UFocus-Prefix.pch */,
			);
			name = "Supporting Files";
			sourceTree = "<group>";
		};
		BF9724D014ECEA4D00C42892 /* Model Classes */ = {
			isa = PBXGroup;
			children = (
				BF9724C414ECEA2800C42892 /* focus.xcdatamodeld */,
				BF97250914ECF00400C42892 /* Tag.h */,
				BF97250A14ECF00400C42892 /* Tag.m */,
				BF97250614ECF00400C42892 /* Project.h */,
				BF97250714ECF00400C42892 /* Project.m */,
				BF97250314ECEFA000C42892 /* Item.h */,
				BF97250414ECEFA000C42892 /* Item.m */,
			);
			name = "Model Classes";
			sourceTree = "<group>";
		};
		BF9724E814ECEACA00C42892 /* Main View Controller */ = {
			isa = PBXGroup;
			children = (
				BF9724E914ECEADC00C42892 /* InboxViewController.h */,
				BF9724EA14ECEADC00C42892 /* InboxViewController.m */,
				BF9724EB14ECEADC00C42892 /* TodayViewController.h */,
				BF9724EC14ECEADC00C42892 /* TodayViewController.m */,
				BF9724ED14ECEADC00C42892 /* AfterViewController.h */,
				BF9724EE14ECEADC00C42892 /* AfterViewController.m */,
				BF9724EF14ECEADC00C42892 /* SomedayViewController.h */,
				BF9724F014ECEADC00C42892 /* SomedayViewController.m */,
				BF9724F114ECEADC00C42892 /* MainviewController.h */,
				BF9724F214ECEADC00C42892 /* MainviewController.m */,
				BF0B61B314F62C9C00A2FEF8 /* ItemCell.h */,
				BF0B61B414F62C9C00A2FEF8 /* ItemCell.m */,
				BF51D7B714F7C90C00B0BFC3 /* FinishViewController.h */,
				BF51D7B814F7C90D00B0BFC3 /* FinishViewController.m */,
			);
			name = "Main View Controller";
			sourceTree = "<group>";
		};
		BFC351B214FB60F300A5BE7B /* image */ = {
			isa = PBXGroup;
			children = (
				2914C2EA1507857D00A04662 /* about.png */,
				2914C2EB1507857D00A04662 /* about@2x.png */,
				29B7DC76150760F7000013B8 /* littleBack.png */,
				29B7DC77150760F7000013B8 /* littleBack@2x.png */,
				2991274914FF8929007E82B4 /* finish */,
				452311AA14FD2AE20080629F /* detail */,
				BFC3523314FB786B00A5BE7B /* rightpage@2x.png */,
				BFC3523414FB786B00A5BE7B /* navigation@2x.png */,
				BFC3523514FB786B00A5BE7B /* rightpage.png */,
				BFC3523614FB786B00A5BE7B /* navigation.png */,
				BFC351B314FB60F300A5BE7B /* add-down.png */,
				BFC351B414FB60F300A5BE7B /* add-down@2x.png */,
				BFC3522B14FB644B00A5BE7B /* tool.png */,
				BFC3522C14FB644B00A5BE7B /* tool@2x.png */,
				BFC351B514FB60F300A5BE7B /* add-normal.png */,
				BFC351B614FB60F300A5BE7B /* add-normal@2x.png */,
				BFC351B714FB60F300A5BE7B /* after-down.png */,
				BFC351B814FB60F300A5BE7B /* after-down@2x.png */,
				BFC351B914FB60F300A5BE7B /* after-normal.png */,
				BFC351BA14FB60F300A5BE7B /* after-normal@2x.png */,
				BFC351BB14FB60F300A5BE7B /* after.png */,
				BFC351BC14FB60F300A5BE7B /* after@2x.png */,
				29597B3C1504A0440063DA2C /* line.png */,
				29597B3D1504A0440063DA2C /* line@2x.png */,
				BFC351BD14FB60F300A5BE7B /* alarm.png */,
				BFC351BE14FB60F300A5BE7B /* alarm@2x.png */,
				BFC351BF14FB60F300A5BE7B /* book-bg.png */,
				BFC351C014FB60F300A5BE7B /* book-bg@2x.png */,
				BFC351C114FB60F300A5BE7B /* chechbox2.png */,
				BFC351C214FB60F300A5BE7B /* chechbox2@2x.png */,
				BFC351C314FB60F300A5BE7B /* checkbox.png */,
				BFC351C414FB60F300A5BE7B /* checkbox@2x.png */,
				BFC351C514FB60F300A5BE7B /* espired.png */,
				BFC351C614FB60F300A5BE7B /* espired@2x.png */,
				BFC351C714FB60F300A5BE7B /* float.png */,
				BFC351C814FB60F300A5BE7B /* float@2x.png */,
				BFC351C914FB60F300A5BE7B /* inbox-down.png */,
				BFC351CA14FB60F300A5BE7B /* inbox-down@2x.png */,
				BFC351CB14FB60F300A5BE7B /* inbox-normal.png */,
				BFC351CC14FB60F300A5BE7B /* inbox-normal@2x.png */,
				BFC351CD14FB60F300A5BE7B /* inbox.png */,
				BFC351CE14FB60F300A5BE7B /* inbox@2x.png */,
				BFC351D114FB60F300A5BE7B /* Mild.png */,
				BFC351D214FB60F300A5BE7B /* Mild@2x.png */,
				BFC351D314FB60F300A5BE7B /* Minimal.png */,
				BFC351D414FB60F300A5BE7B /* Minimal@2x.png */,
				BFC351D514FB60F300A5BE7B /* Moderate.png */,
				BFC351D614FB60F300A5BE7B /* Moderate@2x.png */,
				BFC351D714FB60F300A5BE7B /* more.png */,
				BFC351D814FB60F300A5BE7B /* more@2x.png */,
				BFC351D914FB60F300A5BE7B /* section-bg.png */,
				BFC351DA14FB60F300A5BE7B /* section-bg@2x.png */,
				BFC351DB14FB60F300A5BE7B /* Severe.png */,
				BFC351DC14FB60F300A5BE7B /* Severe@2x.png */,
				BFC351DD14FB60F300A5BE7B /* someday-down.png */,
				BFC351DE14FB60F300A5BE7B /* someday-down@2x.png */,
				BFC351DF14FB60F300A5BE7B /* someday-normal.png */,
				BFC351E014FB60F300A5BE7B /* someday-normal@2x.png */,
				BFC351E114FB60F300A5BE7B /* someday.png */,
				BFC351E214FB60F300A5BE7B /* someday@2x.png */,
				BFC351E314FB60F300A5BE7B /* title-today.png */,
				BFC351E414FB60F300A5BE7B /* title-today@2x.png */,
				BFC351E514FB60F300A5BE7B /* today-down.png */,
				BFC351E614FB60F300A5BE7B /* today-down@2x.png */,
				BFC351E714FB60F300A5BE7B /* today-normal.png */,
				BFC351E814FB60F300A5BE7B /* today-normal@2x.png */,
				BFC351E914FB60F300A5BE7B /* today.png */,
				BFC351EA14FB60F300A5BE7B /* today@2x.png */,
				BFC351ED14FB60F300A5BE7B /* type.png */,
				BFC351EE14FB60F300A5BE7B /* type@2x.png */,
			);
			path = image;
			sourceTree = "<group>";
		};
/* End PBXGroup section */

/* Begin PBXNativeTarget section */
		BF9724AB14ECEA2800C42892 /* UFocus */ = {
			isa = PBXNativeTarget;
			buildConfigurationList = BF9724C914ECEA2800C42892 /* Build configuration list for PBXNativeTarget "UFocus" */;
			buildPhases = (
				BF9724A814ECEA2800C42892 /* Sources */,
				BF9724A914ECEA2800C42892 /* Frameworks */,
				BF9724AA14ECEA2800C42892 /* Resources */,
			);
			buildRules = (
			);
			dependencies = (
			);
			name = UFocus;
			productName = focus;
			productReference = BF9724AC14ECEA2800C42892 /* UFocus.app */;
			productType = "com.apple.product-type.application";
		};
/* End PBXNativeTarget section */

/* Begin PBXProject section */
		BF9724A314ECEA2800C42892 /* Project object */ = {
			isa = PBXProject;
			attributes = {
				LastUpgradeCheck = 0420;
			};
			buildConfigurationList = BF9724A614ECEA2800C42892 /* Build configuration list for PBXProject "UFocus" */;
			compatibilityVersion = "Xcode 3.2";
			developmentRegion = English;
			hasScannedForEncodings = 0;
			knownRegions = (
				en,
			);
			mainGroup = BF9724A114ECEA2800C42892;
			productRefGroup = BF9724AD14ECEA2800C42892 /* Products */;
			projectDirPath = "";
			projectRoot = "";
			targets = (
				BF9724AB14ECEA2800C42892 /* UFocus */,
			);
		};
/* End PBXProject section */

/* Begin PBXResourcesBuildPhase section */
		BF9724AA14ECEA2800C42892 /* Resources */ = {
			isa = PBXResourcesBuildPhase;
			buildActionMask = 2147483647;
			files = (
				BF9724BD14ECEA2800C42892 /* InfoPlist.strings in Resources */,
				BF9724E514ECEAB800C42892 /* MainStoryboard.storyboard in Resources */,
				BFC351EF14FB60F300A5BE7B /* add-down.png in Resources */,
				BFC351F014FB60F300A5BE7B /* add-down@2x.png in Resources */,
				BFC351F114FB60F300A5BE7B /* add-normal.png in Resources */,
				BFC351F214FB60F300A5BE7B /* add-normal@2x.png in Resources */,
				BFC351F314FB60F300A5BE7B /* after-down.png in Resources */,
				BFC351F414FB60F300A5BE7B /* after-down@2x.png in Resources */,
				BFC351F514FB60F300A5BE7B /* after-normal.png in Resources */,
				BFC351F614FB60F300A5BE7B /* after-normal@2x.png in Resources */,
				BFC351F714FB60F300A5BE7B /* after.png in Resources */,
				BFC351F814FB60F300A5BE7B /* after@2x.png in Resources */,
				BFC351F914FB60F300A5BE7B /* alarm.png in Resources */,
				BFC351FA14FB60F300A5BE7B /* alarm@2x.png in Resources */,
				BFC351FB14FB60F300A5BE7B /* book-bg.png in Resources */,
				BFC351FC14FB60F300A5BE7B /* book-bg@2x.png in Resources */,
				BFC351FD14FB60F300A5BE7B /* chechbox2.png in Resources */,
				BFC351FE14FB60F300A5BE7B /* chechbox2@2x.png in Resources */,
				BFC351FF14FB60F300A5BE7B /* checkbox.png in Resources */,
				BFC3520014FB60F300A5BE7B /* checkbox@2x.png in Resources */,
				BFC3520114FB60F300A5BE7B /* espired.png in Resources */,
				BFC3520214FB60F300A5BE7B /* espired@2x.png in Resources */,
				BFC3520314FB60F300A5BE7B /* float.png in Resources */,
				BFC3520414FB60F300A5BE7B /* float@2x.png in Resources */,
				BFC3520514FB60F300A5BE7B /* inbox-down.png in Resources */,
				BFC3520614FB60F300A5BE7B /* inbox-down@2x.png in Resources */,
				BFC3520714FB60F300A5BE7B /* inbox-normal.png in Resources */,
				BFC3520814FB60F300A5BE7B /* inbox-normal@2x.png in Resources */,
				BFC3520914FB60F300A5BE7B /* inbox.png in Resources */,
				BFC3520A14FB60F300A5BE7B /* inbox@2x.png in Resources */,
				BFC3520D14FB60F300A5BE7B /* Mild.png in Resources */,
				BFC3520E14FB60F300A5BE7B /* Mild@2x.png in Resources */,
				BFC3520F14FB60F300A5BE7B /* Minimal.png in Resources */,
				BFC3521014FB60F300A5BE7B /* Minimal@2x.png in Resources */,
				BFC3521114FB60F300A5BE7B /* Moderate.png in Resources */,
				BFC3521214FB60F300A5BE7B /* Moderate@2x.png in Resources */,
				BFC3521314FB60F300A5BE7B /* more.png in Resources */,
				BFC3521414FB60F300A5BE7B /* more@2x.png in Resources */,
				BFC3521514FB60F300A5BE7B /* section-bg.png in Resources */,
				BFC3521614FB60F300A5BE7B /* section-bg@2x.png in Resources */,
				BFC3521714FB60F300A5BE7B /* Severe.png in Resources */,
				BFC3521814FB60F300A5BE7B /* Severe@2x.png in Resources */,
				BFC3521914FB60F300A5BE7B /* someday-down.png in Resources */,
				BFC3521A14FB60F300A5BE7B /* someday-down@2x.png in Resources */,
				BFC3521B14FB60F300A5BE7B /* someday-normal.png in Resources */,
				BFC3521C14FB60F300A5BE7B /* someday-normal@2x.png in Resources */,
				BFC3521D14FB60F300A5BE7B /* someday.png in Resources */,
				BFC3521E14FB60F300A5BE7B /* someday@2x.png in Resources */,
				BFC3521F14FB60F300A5BE7B /* title-today.png in Resources */,
				BFC3522014FB60F300A5BE7B /* title-today@2x.png in Resources */,
				BFC3522114FB60F300A5BE7B /* today-down.png in Resources */,
				BFC3522214FB60F300A5BE7B /* today-down@2x.png in Resources */,
				BFC3522314FB60F300A5BE7B /* today-normal.png in Resources */,
				BFC3522414FB60F300A5BE7B /* today-normal@2x.png in Resources */,
				BFC3522514FB60F300A5BE7B /* today.png in Resources */,
				BFC3522614FB60F300A5BE7B /* today@2x.png in Resources */,
				BFC3522914FB60F300A5BE7B /* type.png in Resources */,
				BFC3522A14FB60F300A5BE7B /* type@2x.png in Resources */,
				BFC3522D14FB644C00A5BE7B /* tool.png in Resources */,
				BFC3522E14FB644C00A5BE7B /* tool@2x.png in Resources */,
				BFC3523714FB786B00A5BE7B /* rightpage@2x.png in Resources */,
				BFC3523814FB786B00A5BE7B /* navigation@2x.png in Resources */,
				BFC3523914FB786B00A5BE7B /* rightpage.png in Resources */,
				BFC3523A14FB786B00A5BE7B /* navigation.png in Resources */,
				452311E114FD2AE20080629F /* due2.png in Resources */,
				452311E214FD2AE20080629F /* due2@2x.png in Resources */,
				452311E314FD2AE20080629F /* more option.png in Resources */,
				452311E414FD2AE20080629F /* more options@2x.png in Resources */,
				452311E514FD2AE20080629F /* notification2.png in Resources */,
				452311E614FD2AE20080629F /* notification2@2x.png in Resources */,
				452311E714FD2AE20080629F /* title2.png in Resources */,
				452311E814FD2AE20080629F /* title2@2x.png in Resources */,
				452311E914FD2AE20080629F /* delete-down.png in Resources */,
				452311EA14FD2AE20080629F /* delete-down@2x.png in Resources */,
				452311EB14FD2AE20080629F /* delete-nor.png in Resources */,
				452311EC14FD2AE20080629F /* delete-nor@2x.png in Resources */,
				452311ED14FD2AE20080629F /* due date.png in Resources */,
				452311EE14FD2AE20080629F /* due date@2x.png in Resources */,
				452311EF14FD2AE20080629F /* duration@2x.png in Resources */,
				452311F114FD2AE20080629F /* edit.png in Resources */,
				452311F214FD2AE20080629F /* edit@2x.png in Resources */,
				452311F314FD2AE20080629F /* high-down.png in Resources */,
				452311F414FD2AE20080629F /* high-down@2x.png in Resources */,
				452311F514FD2AE20080629F /* high-nor.png in Resources */,
				452311F614FD2AE20080629F /* high-nor@2x.png in Resources */,
				452311F714FD2AE20080629F /* line.png in Resources */,
				452311F814FD2AE20080629F /* line@2x.png in Resources */,
				452311F914FD2AE20080629F /* low-down.png in Resources */,
				452311FA14FD2AE20080629F /* low-down@2x.png in Resources */,
				452311FB14FD2AE20080629F /* low-nor.png in Resources */,
				452311FC14FD2AE20080629F /* low-nor@2x.png in Resources */,
				452311FD14FD2AE20080629F /* mid-down.png in Resources */,
				452311FE14FD2AE20080629F /* mid-down@2x.png in Resources */,
				452311FF14FD2AE20080629F /* mid-nor.png in Resources */,
				4523120014FD2AE20080629F /* mid-nor@2x.png in Resources */,
				4523120114FD2AE20080629F /* nav.png in Resources */,
				4523120214FD2AE20080629F /* nav@2x.png in Resources */,
				4523120314FD2AE20080629F /* none-down.png in Resources */,
				4523120414FD2AE20080629F /* none-down@2x.png in Resources */,
				4523120514FD2AE20080629F /* none-nor.png in Resources */,
				4523120614FD2AE20080629F /* none-nor@2x.png in Resources */,
				4523120714FD2AE20080629F /* note.png in Resources */,
				4523120814FD2AE20080629F /* note@2x.png in Resources */,
				4523120914FD2AE20080629F /* notification.png in Resources */,
				4523120A14FD2AE20080629F /* notification@2x.png in Resources */,
				4523120B14FD2AE20080629F /* rightpage.png in Resources */,
				4523120C14FD2AE20080629F /* rightpage@2x.png in Resources */,
				4523120D14FD2AE20080629F /* save-down.png in Resources */,
				4523120E14FD2AE20080629F /* save-down@2x.png in Resources */,
				4523120F14FD2AE20080629F /* save-normal.png in Resources */,
				4523121014FD2AE20080629F /* save-normal@2x.png in Resources */,
				4523121114FD2AE20080629F /* send-down.png in Resources */,
				4523121214FD2AE20080629F /* send-down@2x.png in Resources */,
				4523121314FD2AE20080629F /* send-nor.png in Resources */,
				4523121414FD2AE20080629F /* send-nor@2x.png in Resources */,
				29DA087114FDEE93006CB7C8 /* duration.png in Resources */,
				297AACA114FE55F5003B006E /* add.png in Resources */,
				297AACA214FE55F5003B006E /* add@2x.png in Resources */,
				297AACA314FE55F5003B006E /* start.png in Resources */,
				297AACA414FE55F5003B006E /* start@2x.png in Resources */,
				297AACA514FE55F5003B006E /* title.png in Resources */,
				297AACA614FE55F5003B006E /* title@2x.png in Resources */,
				297AACA714FE55F5003B006E /* zhongyaodu-bg.png in Resources */,
				297AACA814FE55F5003B006E /* zhongyaodu-bg@2x.png in Resources */,
				2991275514FF8929007E82B4 /* back-down.png in Resources */,
				2991275614FF8929007E82B4 /* back-down@2x.png in Resources */,
				2991275714FF8929007E82B4 /* back.png in Resources */,
				2991275814FF8929007E82B4 /* back@2x.png in Resources */,
				2991275914FF8929007E82B4 /* edit-down.png in Resources */,
				2991275A14FF8929007E82B4 /* edit-down@2x.png in Resources */,
				2991275B14FF8929007E82B4 /* edit-norm.png in Resources */,
				2991275C14FF8929007E82B4 /* edit-norm@2x.png in Resources */,
				2991275D14FF8929007E82B4 /* finished.png in Resources */,
				2991275E14FF8929007E82B4 /* finished@2x.png in Resources */,
				29597B3E1504A0440063DA2C /* line.png in Resources */,
				29597B3F1504A0440063DA2C /* line@2x.png in Resources */,
				29B7DC78150760F7000013B8 /* littleBack.png in Resources */,
				29B7DC79150760F7000013B8 /* littleBack@2x.png in Resources */,
				2914C2E715077AFD00A04662 /* Default.png in Resources */,
				2914C2E915077BB300A04662 /* Default@2x.png in Resources */,
				2914C2EC1507857E00A04662 /* about.png in Resources */,
				2914C2ED1507857E00A04662 /* about@2x.png in Resources */,
				2914C2EF1507892A00A04662 /* icon.png in Resources */,
				2914C2F11507892F00A04662 /* icon@2x.png in Resources */,
			);
			runOnlyForDeploymentPostprocessing = 0;
		};
/* End PBXResourcesBuildPhase section */

/* Begin PBXSourcesBuildPhase section */
		BF9724A814ECEA2800C42892 /* Sources */ = {
			isa = PBXSourcesBuildPhase;
			buildActionMask = 2147483647;
			files = (
				BF9724BF14ECEA2800C42892 /* main.m in Sources */,
				BF9724C614ECEA2800C42892 /* focus.xcdatamodeld in Sources */,
				BF9724DC14ECEA8600C42892 /* AppDelegate.m in Sources */,
				BF9724E414ECEAB800C42892 /* RootViewController.m in Sources */,
				BF9724E614ECEAB800C42892 /* DetailViewController.m in Sources */,
				BF9724E714ECEAB800C42892 /* UIView+Badge.m in Sources */,
				BF9724F314ECEADC00C42892 /* InboxViewController.m in Sources */,
				BF9724F414ECEADC00C42892 /* TodayViewController.m in Sources */,
				BF9724F514ECEADC00C42892 /* AfterViewController.m in Sources */,
				BF9724F614ECEADC00C42892 /* SomedayViewController.m in Sources */,
				BF9724F714ECEADC00C42892 /* MainviewController.m in Sources */,
				BF97250514ECEFA000C42892 /* Item.m in Sources */,
				BF97250814ECF00400C42892 /* Project.m in Sources */,
				BF97250B14ECF00400C42892 /* Tag.m in Sources */,
				BF0B61B514F62C9C00A2FEF8 /* ItemCell.m in Sources */,
				BF51D7B614F7C78D00B0BFC3 /* AboutViewController.m in Sources */,
				BF51D7B914F7C90D00B0BFC3 /* FinishViewController.m in Sources */,
				BFD1947F14F8E10500031883 /* SimpleViewController.m in Sources */,
				BFD1948214F8FFDA00031883 /* FromSimpleToDetailSegue.m in Sources */,
			);
			runOnlyForDeploymentPostprocessing = 0;
		};
/* End PBXSourcesBuildPhase section */

/* Begin PBXVariantGroup section */
		BF9724BB14ECEA2800C42892 /* InfoPlist.strings */ = {
			isa = PBXVariantGroup;
			children = (
				BF9724BC14ECEA2800C42892 /* en */,
			);
			name = InfoPlist.strings;
			sourceTree = "<group>";
		};
/* End PBXVariantGroup section */

/* Begin XCBuildConfiguration section */
		BF9724C714ECEA2800C42892 /* Debug */ = {
			isa = XCBuildConfiguration;
			buildSettings = {
				ALWAYS_SEARCH_USER_PATHS = NO;
				ARCHS = "$(ARCHS_STANDARD_32_BIT)";
				CLANG_ENABLE_OBJC_ARC = YES;
				"CODE_SIGN_IDENTITY[sdk=iphoneos*]" = "iPhone Developer";
				COPY_PHASE_STRIP = NO;
				GCC_C_LANGUAGE_STANDARD = gnu99;
				GCC_DYNAMIC_NO_PIC = NO;
				GCC_OPTIMIZATION_LEVEL = 0;
				GCC_PREPROCESSOR_DEFINITIONS = (
					"DEBUG=1",
					"$(inherited)",
				);
				GCC_SYMBOLS_PRIVATE_EXTERN = NO;
				GCC_VERSION = com.apple.compilers.llvm.clang.1_0;
				GCC_WARN_ABOUT_MISSING_PROTOTYPES = YES;
				GCC_WARN_ABOUT_RETURN_TYPE = YES;
				GCC_WARN_UNUSED_VARIABLE = YES;
				IPHONEOS_DEPLOYMENT_TARGET = 5.0;
				"PROVISIONING_PROFILE[sdk=iphoneos*]" = "";
				SDKROOT = iphoneos5.0;
			};
			name = Debug;
		};
		BF9724C814ECEA2800C42892 /* Release */ = {
			isa = XCBuildConfiguration;
			buildSettings = {
				ALWAYS_SEARCH_USER_PATHS = NO;
				ARCHS = "$(ARCHS_STANDARD_32_BIT)";
				CLANG_ENABLE_OBJC_ARC = YES;
				"CODE_SIGN_IDENTITY[sdk=iphoneos*]" = "iPhone Developer";
				COPY_PHASE_STRIP = YES;
				GCC_C_LANGUAGE_STANDARD = gnu99;
				GCC_VERSION = com.apple.compilers.llvm.clang.1_0;
				GCC_WARN_ABOUT_MISSING_PROTOTYPES = YES;
				GCC_WARN_ABOUT_RETURN_TYPE = YES;
				GCC_WARN_UNUSED_VARIABLE = YES;
				IPHONEOS_DEPLOYMENT_TARGET = 5.0;
				OTHER_CFLAGS = "-DNS_BLOCK_ASSERTIONS=1";
				SDKROOT = iphoneos5.0;
				VALIDATE_PRODUCT = YES;
			};
			name = Release;
		};
		BF9724CA14ECEA2800C42892 /* Debug */ = {
			isa = XCBuildConfiguration;
			buildSettings = {
				CODE_SIGN_ENTITLEMENTS = focus/focus.entitlements;
				GCC_PRECOMPILE_PREFIX_HEADER = YES;
				GCC_PREFIX_HEADER = "focus/UFocus-Prefix.pch";
				INFOPLIST_FILE = "focus/UFocus-Info.plist";
				PRODUCT_NAME = UFocus;
				TARGETED_DEVICE_FAMILY = 1;
				WRAPPER_EXTENSION = app;
			};
			name = Debug;
		};
		BF9724CB14ECEA2800C42892 /* Release */ = {
			isa = XCBuildConfiguration;
			buildSettings = {
				CODE_SIGN_ENTITLEMENTS = focus/focus.entitlements;
				GCC_PRECOMPILE_PREFIX_HEADER = YES;
				GCC_PREFIX_HEADER = "focus/UFocus-Prefix.pch";
				INFOPLIST_FILE = "focus/UFocus-Info.plist";
				PRODUCT_NAME = UFocus;
				TARGETED_DEVICE_FAMILY = 1;
				WRAPPER_EXTENSION = app;
			};
			name = Release;
		};
/* End XCBuildConfiguration section */

/* Begin XCConfigurationList section */
		BF9724A614ECEA2800C42892 /* Build configuration list for PBXProject "UFocus" */ = {
			isa = XCConfigurationList;
			buildConfigurations = (
				BF9724C714ECEA2800C42892 /* Debug */,
				BF9724C814ECEA2800C42892 /* Release */,
			);
			defaultConfigurationIsVisible = 0;
			defaultConfigurationName = Release;
		};
		BF9724C914ECEA2800C42892 /* Build configuration list for PBXNativeTarget "UFocus" */ = {
			isa = XCConfigurationList;
			buildConfigurations = (
				BF9724CA14ECEA2800C42892 /* Debug */,
				BF9724CB14ECEA2800C42892 /* Release */,
			);
			defaultConfigurationIsVisible = 0;
			defaultConfigurationName = Release;
		};
/* End XCConfigurationList section */

/* Begin XCVersionGroup section */
		BF9724C414ECEA2800C42892 /* focus.xcdatamodeld */ = {
			isa = XCVersionGroup;
			children = (
				BF9724C514ECEA2800C42892 /* focus.xcdatamodel */,
			);
			currentVersion = BF9724C514ECEA2800C42892 /* focus.xcdatamodel */;
			path = focus.xcdatamodeld;
			sourceTree = "<group>";
			versionGroupType = wrapper.xcdatamodel;
		};
/* End XCVersionGroup section */
	};
	rootObject = BF9724A314ECEA2800C42892 /* Project object */;
}
