// !$*UTF8*$!
{
	archiveVersion = 1;
	classes = {
	};
	objectVersion = 46;
	objects = {

/* Begin PBXBuildFile section */
		BF0B61B514F62C9C00A2FEF8 /* ItemCell.m in Sources */ = {isa = PBXBuildFile; fileRef = BF0B61B414F62C9C00A2FEF8 /* ItemCell.m */; };
		BF51D7B614F7C78D00B0BFC3 /* AboutViewController.m in Sources */ = {isa = PBXBuildFile; fileRef = BF51D7B514F7C78D00B0BFC3 /* AboutViewController.m */; };
		BF51D7B914F7C90D00B0BFC3 /* FinishViewController.m in Sources */ = {isa = PBXBuildFile; fileRef = BF51D7B814F7C90D00B0BFC3 /* FinishViewController.m */; };
		BF9724B114ECEA2800C42892 /* UIKit.framework in Frameworks */ = {isa = PBXBuildFile; fileRef = BF9724B014ECEA2800C42892 /* UIKit.framework */; };
		BF9724B314ECEA2800C42892 /* Foundation.framework in Frameworks */ = {isa = PBXBuildFile; fileRef = BF9724B214ECEA2800C42892 /* Foundation.framework */; };
		BF9724B514ECEA2800C42892 /* CoreGraphics.framework in Frameworks */ = {isa = PBXBuildFile; fileRef = BF9724B414ECEA2800C42892 /* CoreGraphics.framework */; };
		BF9724B714ECEA2800C42892 /* CoreData.framework in Frameworks */ = {isa = PBXBuildFile; fileRef = BF9724B614ECEA2800C42892 /* CoreData.framework */; };
		BF9724BD14ECEA2800C42892 /* InfoPlist.strings in Resources */ = {isa = PBXBuildFile; fileRef = BF9724BB14ECEA2800C42892 /* InfoPlist.strings */; };
		BF9724BF14ECEA2800C42892 /* main.m in Sources */ = {isa = PBXBuildFile; fileRef = BF9724BE14ECEA2800C42892 /* main.m */; };
		BF9724C614ECEA2800C42892 /* focus.xcdatamodeld in Sources */ = {isa = PBXBuildFile; fileRef = BF9724C414ECEA2800C42892 /* focus.xcdatamodeld */; };
		BF9724DC14ECEA8600C42892 /* AppDelegate.m in Sources */ = {isa = PBXBuildFile; fileRef = BF9724DB14ECEA8600C42892 /* AppDelegate.m */; };
		BF9724E414ECEAB800C42892 /* RootViewController.m in Sources */ = {isa = PBXBuildFile; fileRef = BF9724DE14ECEAB800C42892 /* RootViewController.m */; };
		BF9724E514ECEAB800C42892 /* MainStoryboard.storyboard in Resources */ = {isa = PBXBuildFile; fileRef = BF9724DF14ECEAB800C42892 /* MainStoryboard.storyboard */; };
		BF9724E614ECEAB800C42892 /* DetailViewController.m in Sources */ = {isa = PBXBuildFile; fileRef = BF9724E114ECEAB800C42892 /* DetailViewController.m */; };
		BF9724E714ECEAB800C42892 /* UIView+Badge.m in Sources */ = {isa = PBXBuildFile; fileRef = BF9724E314ECEAB800C42892 /* UIView+Badge.m */; };
		BF9724F314ECEADC00C42892 /* InboxViewController.m in Sources */ = {isa = PBXBuildFile; fileRef = BF9724EA14ECEADC00C42892 /* InboxViewController.m */; };
		BF9724F414ECEADC00C42892 /* TodayViewController.m in Sources */ = {isa = PBXBuildFile; fileRef = BF9724EC14ECEADC00C42892 /* TodayViewController.m */; };
		BF9724F514ECEADC00C42892 /* AfterViewController.m in Sources */ = {isa = PBXBuildFile; fileRef = BF9724EE14ECEADC00C42892 /* AfterViewController.m */; };
		BF9724F614ECEADC00C42892 /* SomedayViewController.m in Sources */ = {isa = PBXBuildFile; fileRef = BF9724F014ECEADC00C42892 /* SomedayViewController.m */; };
		BF9724F714ECEADC00C42892 /* MainviewController.m in Sources */ = {isa = PBXBuildFile; fileRef = BF9724F214ECEADC00C42892 /* MainviewController.m */; };
		BF97250514ECEFA000C42892 /* Item.m in Sources */ = {isa = PBXBuildFile; fileRef = BF97250414ECEFA000C42892 /* Item.m */; };
		BF97250814ECF00400C42892 /* Project.m in Sources */ = {isa = PBXBuildFile; fileRef = BF97250714ECF00400C42892 /* Project.m */; };
		BF97250B14ECF00400C42892 /* Tag.m in Sources */ = {isa = PBXBuildFile; fileRef = BF97250A14ECF00400C42892 /* Tag.m */; };
		BFD1947F14F8E10500031883 /* SimpleViewController.m in Sources */ = {isa = PBXBuildFile; fileRef = BFD1947E14F8E10500031883 /* SimpleViewController.m */; };
		BFD1948214F8FFDA00031883 /* FromSimpleToDetailSegue.m in Sources */ = {isa = PBXBuildFile; fileRef = BFD1948114F8FFDA00031883 /* FromSimpleToDetailSegue.m */; };
		BFE15F7514FA0DFF00AF0114 /* add-down@2x.png in Resources */ = {isa = PBXBuildFile; fileRef = BFE15F5814FA0DFF00AF0114 /* add-down@2x.png */; };
		BFE15F7614FA0DFF00AF0114 /* add-normal@2x.png in Resources */ = {isa = PBXBuildFile; fileRef = BFE15F5914FA0DFF00AF0114 /* add-normal@2x.png */; };
		BFE15F7714FA0DFF00AF0114 /* after-down@2x.png in Resources */ = {isa = PBXBuildFile; fileRef = BFE15F5A14FA0DFF00AF0114 /* after-down@2x.png */; };
		BFE15F7814FA0DFF00AF0114 /* after-normal@2x.png in Resources */ = {isa = PBXBuildFile; fileRef = BFE15F5B14FA0DFF00AF0114 /* after-normal@2x.png */; };
		BFE15F7914FA0DFF00AF0114 /* after@2x.png in Resources */ = {isa = PBXBuildFile; fileRef = BFE15F5C14FA0DFF00AF0114 /* after@2x.png */; };
		BFE15F7A14FA0DFF00AF0114 /* alarm@2x.png in Resources */ = {isa = PBXBuildFile; fileRef = BFE15F5D14FA0DFF00AF0114 /* alarm@2x.png */; };
		BFE15F7B14FA0DFF00AF0114 /* book-bg@2x.png in Resources */ = {isa = PBXBuildFile; fileRef = BFE15F5E14FA0DFF00AF0114 /* book-bg@2x.png */; };
		BFE15F7C14FA0DFF00AF0114 /* chechbox2@2x.png in Resources */ = {isa = PBXBuildFile; fileRef = BFE15F5F14FA0DFF00AF0114 /* chechbox2@2x.png */; };
		BFE15F7D14FA0DFF00AF0114 /* checkbox@2x.png in Resources */ = {isa = PBXBuildFile; fileRef = BFE15F6014FA0DFF00AF0114 /* checkbox@2x.png */; };
		BFE15F7E14FA0DFF00AF0114 /* espired@2x.png in Resources */ = {isa = PBXBuildFile; fileRef = BFE15F6114FA0DFF00AF0114 /* espired@2x.png */; };
		BFE15F7F14FA0DFF00AF0114 /* float@2x.png in Resources */ = {isa = PBXBuildFile; fileRef = BFE15F6214FA0DFF00AF0114 /* float@2x.png */; };
		BFE15F8014FA0DFF00AF0114 /* inbox-down@2x.png in Resources */ = {isa = PBXBuildFile; fileRef = BFE15F6314FA0DFF00AF0114 /* inbox-down@2x.png */; };
		BFE15F8114FA0DFF00AF0114 /* inbox-normal@2x.png in Resources */ = {isa = PBXBuildFile; fileRef = BFE15F6414FA0DFF00AF0114 /* inbox-normal@2x.png */; };
		BFE15F8214FA0DFF00AF0114 /* inbox@2x.png in Resources */ = {isa = PBXBuildFile; fileRef = BFE15F6514FA0DFF00AF0114 /* inbox@2x.png */; };
		BFE15F8314FA0DFF00AF0114 /* Mild@2x.png in Resources */ = {isa = PBXBuildFile; fileRef = BFE15F6614FA0DFF00AF0114 /* Mild@2x.png */; };
		BFE15F8414FA0DFF00AF0114 /* Minimal@2x.png in Resources */ = {isa = PBXBuildFile; fileRef = BFE15F6714FA0DFF00AF0114 /* Minimal@2x.png */; };
		BFE15F8514FA0DFF00AF0114 /* Moderate@2x.png in Resources */ = {isa = PBXBuildFile; fileRef = BFE15F6814FA0DFF00AF0114 /* Moderate@2x.png */; };
		BFE15F8614FA0DFF00AF0114 /* more@2x.png in Resources */ = {isa = PBXBuildFile; fileRef = BFE15F6914FA0DFF00AF0114 /* more@2x.png */; };
		BFE15F8714FA0DFF00AF0114 /* section-bg@2x.png in Resources */ = {isa = PBXBuildFile; fileRef = BFE15F6A14FA0DFF00AF0114 /* section-bg@2x.png */; };
		BFE15F8814FA0DFF00AF0114 /* Severe@2x.png in Resources */ = {isa = PBXBuildFile; fileRef = BFE15F6B14FA0DFF00AF0114 /* Severe@2x.png */; };
		BFE15F8914FA0DFF00AF0114 /* someday-down@2x.png in Resources */ = {isa = PBXBuildFile; fileRef = BFE15F6C14FA0DFF00AF0114 /* someday-down@2x.png */; };
		BFE15F8A14FA0DFF00AF0114 /* someday-normal@2x.png in Resources */ = {isa = PBXBuildFile; fileRef = BFE15F6D14FA0DFF00AF0114 /* someday-normal@2x.png */; };
		BFE15F8B14FA0DFF00AF0114 /* someday@2x.png in Resources */ = {isa = PBXBuildFile; fileRef = BFE15F6E14FA0DFF00AF0114 /* someday@2x.png */; };
		BFE15F8C14FA0DFF00AF0114 /* title-today@2x.png in Resources */ = {isa = PBXBuildFile; fileRef = BFE15F6F14FA0DFF00AF0114 /* title-today@2x.png */; };
		BFE15F8D14FA0DFF00AF0114 /* today-down@2x.png in Resources */ = {isa = PBXBuildFile; fileRef = BFE15F7014FA0DFF00AF0114 /* today-down@2x.png */; };
		BFE15F8E14FA0DFF00AF0114 /* today-normal@2x.png in Resources */ = {isa = PBXBuildFile; fileRef = BFE15F7114FA0DFF00AF0114 /* today-normal@2x.png */; };
		BFE15F8F14FA0DFF00AF0114 /* today@2x.png in Resources */ = {isa = PBXBuildFile; fileRef = BFE15F7214FA0DFF00AF0114 /* today@2x.png */; };
		BFE15F9014FA0DFF00AF0114 /* tool@x.png in Resources */ = {isa = PBXBuildFile; fileRef = BFE15F7314FA0DFF00AF0114 /* tool@x.png */; };
		BFE15F9114FA0DFF00AF0114 /* type@2x.png in Resources */ = {isa = PBXBuildFile; fileRef = BFE15F7414FA0DFF00AF0114 /* type@2x.png */; };
		BFE15F9C14FA27E400AF0114 /* MessageUI.framework in Frameworks */ = {isa = PBXBuildFile; fileRef = BFE15F9B14FA27E400AF0114 /* MessageUI.framework */; };
/* End PBXBuildFile section */

/* Begin PBXFileReference section */
		BF0B61B314F62C9C00A2FEF8 /* ItemCell.h */ = {isa = PBXFileReference; fileEncoding = 4; lastKnownFileType = sourcecode.c.h; path = ItemCell.h; sourceTree = "<group>"; };
		BF0B61B414F62C9C00A2FEF8 /* ItemCell.m */ = {isa = PBXFileReference; fileEncoding = 4; lastKnownFileType = sourcecode.c.objc; path = ItemCell.m; sourceTree = "<group>"; };
		BF51D7B414F7C78D00B0BFC3 /* AboutViewController.h */ = {isa = PBXFileReference; fileEncoding = 4; lastKnownFileType = sourcecode.c.h; path = AboutViewController.h; sourceTree = "<group>"; };
		BF51D7B514F7C78D00B0BFC3 /* AboutViewController.m */ = {isa = PBXFileReference; fileEncoding = 4; lastKnownFileType = sourcecode.c.objc; path = AboutViewController.m; sourceTree = "<group>"; };
		BF51D7B714F7C90C00B0BFC3 /* FinishViewController.h */ = {isa = PBXFileReference; fileEncoding = 4; lastKnownFileType = sourcecode.c.h; path = FinishViewController.h; sourceTree = "<group>"; };
		BF51D7B814F7C90D00B0BFC3 /* FinishViewController.m */ = {isa = PBXFileReference; fileEncoding = 4; lastKnownFileType = sourcecode.c.objc; path = FinishViewController.m; sourceTree = "<group>"; };
		BF9724AC14ECEA2800C42892 /* focus.app */ = {isa = PBXFileReference; explicitFileType = wrapper.application; includeInIndex = 0; path = focus.app; sourceTree = BUILT_PRODUCTS_DIR; };
		BF9724B014ECEA2800C42892 /* UIKit.framework */ = {isa = PBXFileReference; lastKnownFileType = wrapper.framework; name = UIKit.framework; path = System/Library/Frameworks/UIKit.framework; sourceTree = SDKROOT; };
		BF9724B214ECEA2800C42892 /* Foundation.framework */ = {isa = PBXFileReference; lastKnownFileType = wrapper.framework; name = Foundation.framework; path = System/Library/Frameworks/Foundation.framework; sourceTree = SDKROOT; };
		BF9724B414ECEA2800C42892 /* CoreGraphics.framework */ = {isa = PBXFileReference; lastKnownFileType = wrapper.framework; name = CoreGraphics.framework; path = System/Library/Frameworks/CoreGraphics.framework; sourceTree = SDKROOT; };
		BF9724B614ECEA2800C42892 /* CoreData.framework */ = {isa = PBXFileReference; lastKnownFileType = wrapper.framework; name = CoreData.framework; path = System/Library/Frameworks/CoreData.framework; sourceTree = SDKROOT; };
		BF9724BA14ECEA2800C42892 /* focus-Info.plist */ = {isa = PBXFileReference; lastKnownFileType = text.plist.xml; path = "focus-Info.plist"; sourceTree = "<group>"; };
		BF9724BC14ECEA2800C42892 /* en */ = {isa = PBXFileReference; lastKnownFileType = text.plist.strings; name = en; path = en.lproj/InfoPlist.strings; sourceTree = "<group>"; };
		BF9724BE14ECEA2800C42892 /* main.m */ = {isa = PBXFileReference; lastKnownFileType = sourcecode.c.objc; path = main.m; sourceTree = "<group>"; };
		BF9724C014ECEA2800C42892 /* focus-Prefix.pch */ = {isa = PBXFileReference; lastKnownFileType = sourcecode.c.h; path = "focus-Prefix.pch"; sourceTree = "<group>"; };
		BF9724C514ECEA2800C42892 /* focus.xcdatamodel */ = {isa = PBXFileReference; lastKnownFileType = wrapper.xcdatamodel; path = focus.xcdatamodel; sourceTree = "<group>"; };
		BF9724DA14ECEA8600C42892 /* AppDelegate.h */ = {isa = PBXFileReference; fileEncoding = 4; lastKnownFileType = sourcecode.c.h; path = AppDelegate.h; sourceTree = "<group>"; };
		BF9724DB14ECEA8600C42892 /* AppDelegate.m */ = {isa = PBXFileReference; fileEncoding = 4; lastKnownFileType = sourcecode.c.objc; path = AppDelegate.m; sourceTree = "<group>"; };
		BF9724DD14ECEAB800C42892 /* RootViewController.h */ = {isa = PBXFileReference; fileEncoding = 4; lastKnownFileType = sourcecode.c.h; path = RootViewController.h; sourceTree = "<group>"; };
		BF9724DE14ECEAB800C42892 /* RootViewController.m */ = {isa = PBXFileReference; fileEncoding = 4; lastKnownFileType = sourcecode.c.objc; path = RootViewController.m; sourceTree = "<group>"; };
		BF9724DF14ECEAB800C42892 /* MainStoryboard.storyboard */ = {isa = PBXFileReference; fileEncoding = 4; lastKnownFileType = file.storyboard; path = MainStoryboard.storyboard; sourceTree = "<group>"; };
		BF9724E014ECEAB800C42892 /* DetailViewController.h */ = {isa = PBXFileReference; fileEncoding = 4; lastKnownFileType = sourcecode.c.h; path = DetailViewController.h; sourceTree = "<group>"; };
		BF9724E114ECEAB800C42892 /* DetailViewController.m */ = {isa = PBXFileReference; fileEncoding = 4; lastKnownFileType = sourcecode.c.objc; path = DetailViewController.m; sourceTree = "<group>"; };
		BF9724E214ECEAB800C42892 /* UIView+Badge.h */ = {isa = PBXFileReference; fileEncoding = 4; lastKnownFileType = sourcecode.c.h; path = "UIView+Badge.h"; sourceTree = "<group>"; };
		BF9724E314ECEAB800C42892 /* UIView+Badge.m */ = {isa = PBXFileReference; fileEncoding = 4; lastKnownFileType = sourcecode.c.objc; path = "UIView+Badge.m"; sourceTree = "<group>"; };
		BF9724E914ECEADC00C42892 /* InboxViewController.h */ = {isa = PBXFileReference; fileEncoding = 4; lastKnownFileType = sourcecode.c.h; path = InboxViewController.h; sourceTree = "<group>"; };
		BF9724EA14ECEADC00C42892 /* InboxViewController.m */ = {isa = PBXFileReference; fileEncoding = 4; lastKnownFileType = sourcecode.c.objc; path = InboxViewController.m; sourceTree = "<group>"; };
		BF9724EB14ECEADC00C42892 /* TodayViewController.h */ = {isa = PBXFileReference; fileEncoding = 4; lastKnownFileType = sourcecode.c.h; path = TodayViewController.h; sourceTree = "<group>"; };
		BF9724EC14ECEADC00C42892 /* TodayViewController.m */ = {isa = PBXFileReference; fileEncoding = 4; lastKnownFileType = sourcecode.c.objc; path = TodayViewController.m; sourceTree = "<group>"; };
		BF9724ED14ECEADC00C42892 /* AfterViewController.h */ = {isa = PBXFileReference; fileEncoding = 4; lastKnownFileType = sourcecode.c.h; path = AfterViewController.h; sourceTree = "<group>"; };
		BF9724EE14ECEADC00C42892 /* AfterViewController.m */ = {isa = PBXFileReference; fileEncoding = 4; lastKnownFileType = sourcecode.c.objc; path = AfterViewController.m; sourceTree = "<group>"; };
		BF9724EF14ECEADC00C42892 /* SomedayViewController.h */ = {isa = PBXFileReference; fileEncoding = 4; lastKnownFileType = sourcecode.c.h; path = SomedayViewController.h; sourceTree = "<group>"; };
		BF9724F014ECEADC00C42892 /* SomedayViewController.m */ = {isa = PBXFileReference; fileEncoding = 4; lastKnownFileType = sourcecode.c.objc; path = SomedayViewController.m; sourceTree = "<group>"; };
		BF9724F114ECEADC00C42892 /* MainviewController.h */ = {isa = PBXFileReference; fileEncoding = 4; lastKnownFileType = sourcecode.c.h; path = MainviewController.h; sourceTree = "<group>"; };
		BF9724F214ECEADC00C42892 /* MainviewController.m */ = {isa = PBXFileReference; fileEncoding = 4; lastKnownFileType = sourcecode.c.objc; path = MainviewController.m; sourceTree = "<group>"; };
		BF97250314ECEFA000C42892 /* Item.h */ = {isa = PBXFileReference; fileEncoding = 4; lastKnownFileType = sourcecode.c.h; path = Item.h; sourceTree = "<group>"; };
		BF97250414ECEFA000C42892 /* Item.m */ = {isa = PBXFileReference; fileEncoding = 4; lastKnownFileType = sourcecode.c.objc; path = Item.m; sourceTree = "<group>"; };
		BF97250614ECF00400C42892 /* Project.h */ = {isa = PBXFileReference; fileEncoding = 4; lastKnownFileType = sourcecode.c.h; path = Project.h; sourceTree = "<group>"; };
		BF97250714ECF00400C42892 /* Project.m */ = {isa = PBXFileReference; fileEncoding = 4; lastKnownFileType = sourcecode.c.objc; path = Project.m; sourceTree = "<group>"; };
		BF97250914ECF00400C42892 /* Tag.h */ = {isa = PBXFileReference; fileEncoding = 4; lastKnownFileType = sourcecode.c.h; path = Tag.h; sourceTree = "<group>"; };
		BF97250A14ECF00400C42892 /* Tag.m */ = {isa = PBXFileReference; fileEncoding = 4; lastKnownFileType = sourcecode.c.objc; path = Tag.m; sourceTree = "<group>"; };
		BFD1947D14F8E10500031883 /* SimpleViewController.h */ = {isa = PBXFileReference; fileEncoding = 4; lastKnownFileType = sourcecode.c.h; path = SimpleViewController.h; sourceTree = "<group>"; };
		BFD1947E14F8E10500031883 /* SimpleViewController.m */ = {isa = PBXFileReference; fileEncoding = 4; lastKnownFileType = sourcecode.c.objc; path = SimpleViewController.m; sourceTree = "<group>"; };
		BFD1948014F8FFDA00031883 /* FromSimpleToDetailSegue.h */ = {isa = PBXFileReference; fileEncoding = 4; lastKnownFileType = sourcecode.c.h; path = FromSimpleToDetailSegue.h; sourceTree = "<group>"; };
		BFD1948114F8FFDA00031883 /* FromSimpleToDetailSegue.m */ = {isa = PBXFileReference; fileEncoding = 4; lastKnownFileType = sourcecode.c.objc; path = FromSimpleToDetailSegue.m; sourceTree = "<group>"; };
		BFE15F5814FA0DFF00AF0114 /* add-down@2x.png */ = {isa = PBXFileReference; lastKnownFileType = image.png; path = "add-down@2x.png"; sourceTree = "<group>"; };
		BFE15F5914FA0DFF00AF0114 /* add-normal@2x.png */ = {isa = PBXFileReference; lastKnownFileType = image.png; path = "add-normal@2x.png"; sourceTree = "<group>"; };
		BFE15F5A14FA0DFF00AF0114 /* after-down@2x.png */ = {isa = PBXFileReference; lastKnownFileType = image.png; path = "after-down@2x.png"; sourceTree = "<group>"; };
		BFE15F5B14FA0DFF00AF0114 /* after-normal@2x.png */ = {isa = PBXFileReference; lastKnownFileType = image.png; path = "after-normal@2x.png"; sourceTree = "<group>"; };
		BFE15F5C14FA0DFF00AF0114 /* after@2x.png */ = {isa = PBXFileReference; lastKnownFileType = image.png; path = "after@2x.png"; sourceTree = "<group>"; };
		BFE15F5D14FA0DFF00AF0114 /* alarm@2x.png */ = {isa = PBXFileReference; lastKnownFileType = image.png; path = "alarm@2x.png"; sourceTree = "<group>"; };
		BFE15F5E14FA0DFF00AF0114 /* book-bg@2x.png */ = {isa = PBXFileReference; lastKnownFileType = image.png; path = "book-bg@2x.png"; sourceTree = "<group>"; };
		BFE15F5F14FA0DFF00AF0114 /* chechbox2@2x.png */ = {isa = PBXFileReference; lastKnownFileType = image.png; path = "chechbox2@2x.png"; sourceTree = "<group>"; };
		BFE15F6014FA0DFF00AF0114 /* checkbox@2x.png */ = {isa = PBXFileReference; lastKnownFileType = image.png; path = "checkbox@2x.png"; sourceTree = "<group>"; };
		BFE15F6114FA0DFF00AF0114 /* espired@2x.png */ = {isa = PBXFileReference; lastKnownFileType = image.png; path = "espired@2x.png"; sourceTree = "<group>"; };
		BFE15F6214FA0DFF00AF0114 /* float@2x.png */ = {isa = PBXFileReference; lastKnownFileType = image.png; path = "float@2x.png"; sourceTree = "<group>"; };
		BFE15F6314FA0DFF00AF0114 /* inbox-down@2x.png */ = {isa = PBXFileReference; lastKnownFileType = image.png; path = "inbox-down@2x.png"; sourceTree = "<group>"; };
		BFE15F6414FA0DFF00AF0114 /* inbox-normal@2x.png */ = {isa = PBXFileReference; lastKnownFileType = image.png; path = "inbox-normal@2x.png"; sourceTree = "<group>"; };
		BFE15F6514FA0DFF00AF0114 /* inbox@2x.png */ = {isa = PBXFileReference; lastKnownFileType = image.png; path = "inbox@2x.png"; sourceTree = "<group>"; };
		BFE15F6614FA0DFF00AF0114 /* Mild@2x.png */ = {isa = PBXFileReference; lastKnownFileType = image.png; path = "Mild@2x.png"; sourceTree = "<group>"; };
		BFE15F6714FA0DFF00AF0114 /* Minimal@2x.png */ = {isa = PBXFileReference; lastKnownFileType = image.png; path = "Minimal@2x.png"; sourceTree = "<group>"; };
		BFE15F6814FA0DFF00AF0114 /* Moderate@2x.png */ = {isa = PBXFileReference; lastKnownFileType = image.png; path = "Moderate@2x.png"; sourceTree = "<group>"; };
		BFE15F6914FA0DFF00AF0114 /* more@2x.png */ = {isa = PBXFileReference; lastKnownFileType = image.png; path = "more@2x.png"; sourceTree = "<group>"; };
		BFE15F6A14FA0DFF00AF0114 /* section-bg@2x.png */ = {isa = PBXFileReference; lastKnownFileType = image.png; path = "section-bg@2x.png"; sourceTree = "<group>"; };
		BFE15F6B14FA0DFF00AF0114 /* Severe@2x.png */ = {isa = PBXFileReference; lastKnownFileType = image.png; path = "Severe@2x.png"; sourceTree = "<group>"; };
		BFE15F6C14FA0DFF00AF0114 /* someday-down@2x.png */ = {isa = PBXFileReference; lastKnownFileType = image.png; path = "someday-down@2x.png"; sourceTree = "<group>"; };
		BFE15F6D14FA0DFF00AF0114 /* someday-normal@2x.png */ = {isa = PBXFileReference; lastKnownFileType = image.png; path = "someday-normal@2x.png"; sourceTree = "<group>"; };
		BFE15F6E14FA0DFF00AF0114 /* someday@2x.png */ = {isa = PBXFileReference; lastKnownFileType = image.png; path = "someday@2x.png"; sourceTree = "<group>"; };
		BFE15F6F14FA0DFF00AF0114 /* title-today@2x.png */ = {isa = PBXFileReference; lastKnownFileType = image.png; path = "title-today@2x.png"; sourceTree = "<group>"; };
		BFE15F7014FA0DFF00AF0114 /* today-down@2x.png */ = {isa = PBXFileReference; lastKnownFileType = image.png; path = "today-down@2x.png"; sourceTree = "<group>"; };
		BFE15F7114FA0DFF00AF0114 /* today-normal@2x.png */ = {isa = PBXFileReference; lastKnownFileType = image.png; path = "today-normal@2x.png"; sourceTree = "<group>"; };
		BFE15F7214FA0DFF00AF0114 /* today@2x.png */ = {isa = PBXFileReference; lastKnownFileType = image.png; path = "today@2x.png"; sourceTree = "<group>"; };
		BFE15F7314FA0DFF00AF0114 /* tool@x.png */ = {isa = PBXFileReference; lastKnownFileType = image.png; path = "tool@x.png"; sourceTree = "<group>"; };
		BFE15F7414FA0DFF00AF0114 /* type@2x.png */ = {isa = PBXFileReference; lastKnownFileType = image.png; path = "type@2x.png"; sourceTree = "<group>"; };
		BFE15F9B14FA27E400AF0114 /* MessageUI.framework */ = {isa = PBXFileReference; lastKnownFileType = wrapper.framework; name = MessageUI.framework; path = System/Library/Frameworks/MessageUI.framework; sourceTree = SDKROOT; };
/* End PBXFileReference section */

/* Begin PBXFrameworksBuildPhase section */
		BF9724A914ECEA2800C42892 /* Frameworks */ = {
			isa = PBXFrameworksBuildPhase;
			buildActionMask = 2147483647;
			files = (
				BFE15F9C14FA27E400AF0114 /* MessageUI.framework in Frameworks */,
				BF9724B114ECEA2800C42892 /* UIKit.framework in Frameworks */,
				BF9724B314ECEA2800C42892 /* Foundation.framework in Frameworks */,
				BF9724B514ECEA2800C42892 /* CoreGraphics.framework in Frameworks */,
				BF9724B714ECEA2800C42892 /* CoreData.framework in Frameworks */,
			);
			runOnlyForDeploymentPostprocessing = 0;
		};
/* End PBXFrameworksBuildPhase section */

/* Begin PBXGroup section */
		BF51D7B314F7C73400B0BFC3 /* Other View Class */ = {
			isa = PBXGroup;
			children = (
				BF51D7B414F7C78D00B0BFC3 /* AboutViewController.h */,
				BF51D7B514F7C78D00B0BFC3 /* AboutViewController.m */,
			);
			name = "Other View Class";
			sourceTree = "<group>";
		};
		BF5DB6BB14EE44C000E2D774 /* AppDelegate */ = {
			isa = PBXGroup;
			children = (
				BF9724DA14ECEA8600C42892 /* AppDelegate.h */,
				BF9724DB14ECEA8600C42892 /* AppDelegate.m */,
			);
			name = AppDelegate;
			sourceTree = "<group>";
		};
		BF5DB6BC14EE450E00E2D774 /* Root and Scroll Classes */ = {
			isa = PBXGroup;
			children = (
				BF9724DD14ECEAB800C42892 /* RootViewController.h */,
				BF9724DE14ECEAB800C42892 /* RootViewController.m */,
				BF9724E214ECEAB800C42892 /* UIView+Badge.h */,
				BF9724E314ECEAB800C42892 /* UIView+Badge.m */,
			);
			name = "Root and Scroll Classes";
			sourceTree = "<group>";
		};
		BF5DB6BD14EE453000E2D774 /* Detail Classes */ = {
			isa = PBXGroup;
			children = (
				BF9724E014ECEAB800C42892 /* DetailViewController.h */,
				BF9724E114ECEAB800C42892 /* DetailViewController.m */,
				BFD1947D14F8E10500031883 /* SimpleViewController.h */,
				BFD1947E14F8E10500031883 /* SimpleViewController.m */,
				BFD1948014F8FFDA00031883 /* FromSimpleToDetailSegue.h */,
				BFD1948114F8FFDA00031883 /* FromSimpleToDetailSegue.m */,
			);
			name = "Detail Classes";
			sourceTree = "<group>";
		};
		BF9724A114ECEA2800C42892 = {
			isa = PBXGroup;
			children = (
				BF9724B814ECEA2800C42892 /* focus */,
				BF9724AF14ECEA2800C42892 /* Frameworks */,
				BF9724AD14ECEA2800C42892 /* Products */,
			);
			sourceTree = "<group>";
		};
		BF9724AD14ECEA2800C42892 /* Products */ = {
			isa = PBXGroup;
			children = (
				BF9724AC14ECEA2800C42892 /* focus.app */,
			);
			name = Products;
			sourceTree = "<group>";
		};
		BF9724AF14ECEA2800C42892 /* Frameworks */ = {
			isa = PBXGroup;
			children = (
				BFE15F9B14FA27E400AF0114 /* MessageUI.framework */,
				BF9724B014ECEA2800C42892 /* UIKit.framework */,
				BF9724B214ECEA2800C42892 /* Foundation.framework */,
				BF9724B414ECEA2800C42892 /* CoreGraphics.framework */,
				BF9724B614ECEA2800C42892 /* CoreData.framework */,
			);
			name = Frameworks;
			sourceTree = "<group>";
		};
		BF9724B814ECEA2800C42892 /* focus */ = {
			isa = PBXGroup;
			children = (
				BF5DB6BB14EE44C000E2D774 /* AppDelegate */,
				BF9724D014ECEA4D00C42892 /* Model Classes */,
				BF9724E814ECEACA00C42892 /* Main View Controller */,
				BF5DB6BC14EE450E00E2D774 /* Root and Scroll Classes */,
				BF5DB6BD14EE453000E2D774 /* Detail Classes */,
				BF51D7B314F7C73400B0BFC3 /* Other View Class */,
				BF9724DF14ECEAB800C42892 /* MainStoryboard.storyboard */,
				BF9724B914ECEA2800C42892 /* Supporting Files */,
			);
			path = focus;
			sourceTree = "<group>";
		};
		BF9724B914ECEA2800C42892 /* Supporting Files */ = {
			isa = PBXGroup;
			children = (
				BFE15F5714FA0DFF00AF0114 /* focus image */,
				BF9724BA14ECEA2800C42892 /* focus-Info.plist */,
				BF9724BB14ECEA2800C42892 /* InfoPlist.strings */,
				BF9724BE14ECEA2800C42892 /* main.m */,
				BF9724C014ECEA2800C42892 /* focus-Prefix.pch */,
			);
			name = "Supporting Files";
			sourceTree = "<group>";
		};
		BF9724D014ECEA4D00C42892 /* Model Classes */ = {
			isa = PBXGroup;
			children = (
				BF9724C414ECEA2800C42892 /* focus.xcdatamodeld */,
				BF97250914ECF00400C42892 /* Tag.h */,
				BF97250A14ECF00400C42892 /* Tag.m */,
				BF97250614ECF00400C42892 /* Project.h */,
				BF97250714ECF00400C42892 /* Project.m */,
				BF97250314ECEFA000C42892 /* Item.h */,
				BF97250414ECEFA000C42892 /* Item.m */,
			);
			name = "Model Classes";
			sourceTree = "<group>";
		};
		BF9724E814ECEACA00C42892 /* Main View Controller */ = {
			isa = PBXGroup;
			children = (
				BF9724E914ECEADC00C42892 /* InboxViewController.h */,
				BF9724EA14ECEADC00C42892 /* InboxViewController.m */,
				BF9724EB14ECEADC00C42892 /* TodayViewController.h */,
				BF9724EC14ECEADC00C42892 /* TodayViewController.m */,
				BF9724ED14ECEADC00C42892 /* AfterViewController.h */,
				BF9724EE14ECEADC00C42892 /* AfterViewController.m */,
				BF9724EF14ECEADC00C42892 /* SomedayViewController.h */,
				BF9724F014ECEADC00C42892 /* SomedayViewController.m */,
				BF9724F114ECEADC00C42892 /* MainviewController.h */,
				BF9724F214ECEADC00C42892 /* MainviewController.m */,
				BF0B61B314F62C9C00A2FEF8 /* ItemCell.h */,
				BF0B61B414F62C9C00A2FEF8 /* ItemCell.m */,
				BF51D7B714F7C90C00B0BFC3 /* FinishViewController.h */,
				BF51D7B814F7C90D00B0BFC3 /* FinishViewController.m */,
			);
			name = "Main View Controller";
			sourceTree = "<group>";
		};
		BFE15F5714FA0DFF00AF0114 /* focus image */ = {
			isa = PBXGroup;
			children = (
				BFE15F5814FA0DFF00AF0114 /* add-down@2x.png */,
				BFE15F5914FA0DFF00AF0114 /* add-normal@2x.png */,
				BFE15F5A14FA0DFF00AF0114 /* after-down@2x.png */,
				BFE15F5B14FA0DFF00AF0114 /* after-normal@2x.png */,
				BFE15F5C14FA0DFF00AF0114 /* after@2x.png */,
				BFE15F5D14FA0DFF00AF0114 /* alarm@2x.png */,
				BFE15F5E14FA0DFF00AF0114 /* book-bg@2x.png */,
				BFE15F5F14FA0DFF00AF0114 /* chechbox2@2x.png */,
				BFE15F6014FA0DFF00AF0114 /* checkbox@2x.png */,
				BFE15F6114FA0DFF00AF0114 /* espired@2x.png */,
				BFE15F6214FA0DFF00AF0114 /* float@2x.png */,
				BFE15F6314FA0DFF00AF0114 /* inbox-down@2x.png */,
				BFE15F6414FA0DFF00AF0114 /* inbox-normal@2x.png */,
				BFE15F6514FA0DFF00AF0114 /* inbox@2x.png */,
				BFE15F6614FA0DFF00AF0114 /* Mild@2x.png */,
				BFE15F6714FA0DFF00AF0114 /* Minimal@2x.png */,
				BFE15F6814FA0DFF00AF0114 /* Moderate@2x.png */,
				BFE15F6914FA0DFF00AF0114 /* more@2x.png */,
				BFE15F6A14FA0DFF00AF0114 /* section-bg@2x.png */,
				BFE15F6B14FA0DFF00AF0114 /* Severe@2x.png */,
				BFE15F6C14FA0DFF00AF0114 /* someday-down@2x.png */,
				BFE15F6D14FA0DFF00AF0114 /* someday-normal@2x.png */,
				BFE15F6E14FA0DFF00AF0114 /* someday@2x.png */,
				BFE15F6F14FA0DFF00AF0114 /* title-today@2x.png */,
				BFE15F7014FA0DFF00AF0114 /* today-down@2x.png */,
				BFE15F7114FA0DFF00AF0114 /* today-normal@2x.png */,
				BFE15F7214FA0DFF00AF0114 /* today@2x.png */,
				BFE15F7314FA0DFF00AF0114 /* tool@x.png */,
				BFE15F7414FA0DFF00AF0114 /* type@2x.png */,
			);
			path = "focus image";
			sourceTree = "<group>";
		};
/* End PBXGroup section */

/* Begin PBXNativeTarget section */
		BF9724AB14ECEA2800C42892 /* focus */ = {
			isa = PBXNativeTarget;
			buildConfigurationList = BF9724C914ECEA2800C42892 /* Build configuration list for PBXNativeTarget "focus" */;
			buildPhases = (
				BF9724A814ECEA2800C42892 /* Sources */,
				BF9724A914ECEA2800C42892 /* Frameworks */,
				BF9724AA14ECEA2800C42892 /* Resources */,
			);
			buildRules = (
			);
			dependencies = (
			);
			name = focus;
			productName = focus;
			productReference = BF9724AC14ECEA2800C42892 /* focus.app */;
			productType = "com.apple.product-type.application";
		};
/* End PBXNativeTarget section */

/* Begin PBXProject section */
		BF9724A314ECEA2800C42892 /* Project object */ = {
			isa = PBXProject;
			attributes = {
				LastUpgradeCheck = 0420;
			};
			buildConfigurationList = BF9724A614ECEA2800C42892 /* Build configuration list for PBXProject "focus" */;
			compatibilityVersion = "Xcode 3.2";
			developmentRegion = English;
			hasScannedForEncodings = 0;
			knownRegions = (
				en,
			);
			mainGroup = BF9724A114ECEA2800C42892;
			productRefGroup = BF9724AD14ECEA2800C42892 /* Products */;
			projectDirPath = "";
			projectRoot = "";
			targets = (
				BF9724AB14ECEA2800C42892 /* focus */,
			);
		};
/* End PBXProject section */

/* Begin PBXResourcesBuildPhase section */
		BF9724AA14ECEA2800C42892 /* Resources */ = {
			isa = PBXResourcesBuildPhase;
			buildActionMask = 2147483647;
			files = (
				BF9724BD14ECEA2800C42892 /* InfoPlist.strings in Resources */,
				BF9724E514ECEAB800C42892 /* MainStoryboard.storyboard in Resources */,
				BFE15F7514FA0DFF00AF0114 /* add-down@2x.png in Resources */,
				BFE15F7614FA0DFF00AF0114 /* add-normal@2x.png in Resources */,
				BFE15F7714FA0DFF00AF0114 /* after-down@2x.png in Resources */,
				BFE15F7814FA0DFF00AF0114 /* after-normal@2x.png in Resources */,
				BFE15F7914FA0DFF00AF0114 /* after@2x.png in Resources */,
				BFE15F7A14FA0DFF00AF0114 /* alarm@2x.png in Resources */,
				BFE15F7B14FA0DFF00AF0114 /* book-bg@2x.png in Resources */,
				BFE15F7C14FA0DFF00AF0114 /* chechbox2@2x.png in Resources */,
				BFE15F7D14FA0DFF00AF0114 /* checkbox@2x.png in Resources */,
				BFE15F7E14FA0DFF00AF0114 /* espired@2x.png in Resources */,
				BFE15F7F14FA0DFF00AF0114 /* float@2x.png in Resources */,
				BFE15F8014FA0DFF00AF0114 /* inbox-down@2x.png in Resources */,
				BFE15F8114FA0DFF00AF0114 /* inbox-normal@2x.png in Resources */,
				BFE15F8214FA0DFF00AF0114 /* inbox@2x.png in Resources */,
				BFE15F8314FA0DFF00AF0114 /* Mild@2x.png in Resources */,
				BFE15F8414FA0DFF00AF0114 /* Minimal@2x.png in Resources */,
				BFE15F8514FA0DFF00AF0114 /* Moderate@2x.png in Resources */,
				BFE15F8614FA0DFF00AF0114 /* more@2x.png in Resources */,
				BFE15F8714FA0DFF00AF0114 /* section-bg@2x.png in Resources */,
				BFE15F8814FA0DFF00AF0114 /* Severe@2x.png in Resources */,
				BFE15F8914FA0DFF00AF0114 /* someday-down@2x.png in Resources */,
				BFE15F8A14FA0DFF00AF0114 /* someday-normal@2x.png in Resources */,
				BFE15F8B14FA0DFF00AF0114 /* someday@2x.png in Resources */,
				BFE15F8C14FA0DFF00AF0114 /* title-today@2x.png in Resources */,
				BFE15F8D14FA0DFF00AF0114 /* today-down@2x.png in Resources */,
				BFE15F8E14FA0DFF00AF0114 /* today-normal@2x.png in Resources */,
				BFE15F8F14FA0DFF00AF0114 /* today@2x.png in Resources */,
				BFE15F9014FA0DFF00AF0114 /* tool@x.png in Resources */,
				BFE15F9114FA0DFF00AF0114 /* type@2x.png in Resources */,
			);
			runOnlyForDeploymentPostprocessing = 0;
		};
/* End PBXResourcesBuildPhase section */

/* Begin PBXSourcesBuildPhase section */
		BF9724A814ECEA2800C42892 /* Sources */ = {
			isa = PBXSourcesBuildPhase;
			buildActionMask = 2147483647;
			files = (
				BF9724BF14ECEA2800C42892 /* main.m in Sources */,
				BF9724C614ECEA2800C42892 /* focus.xcdatamodeld in Sources */,
				BF9724DC14ECEA8600C42892 /* AppDelegate.m in Sources */,
				BF9724E414ECEAB800C42892 /* RootViewController.m in Sources */,
				BF9724E614ECEAB800C42892 /* DetailViewController.m in Sources */,
				BF9724E714ECEAB800C42892 /* UIView+Badge.m in Sources */,
				BF9724F314ECEADC00C42892 /* InboxViewController.m in Sources */,
				BF9724F414ECEADC00C42892 /* TodayViewController.m in Sources */,
				BF9724F514ECEADC00C42892 /* AfterViewController.m in Sources */,
				BF9724F614ECEADC00C42892 /* SomedayViewController.m in Sources */,
				BF9724F714ECEADC00C42892 /* MainviewController.m in Sources */,
				BF97250514ECEFA000C42892 /* Item.m in Sources */,
				BF97250814ECF00400C42892 /* Project.m in Sources */,
				BF97250B14ECF00400C42892 /* Tag.m in Sources */,
				BF0B61B514F62C9C00A2FEF8 /* ItemCell.m in Sources */,
				BF51D7B614F7C78D00B0BFC3 /* AboutViewController.m in Sources */,
				BF51D7B914F7C90D00B0BFC3 /* FinishViewController.m in Sources */,
				BFD1947F14F8E10500031883 /* SimpleViewController.m in Sources */,
				BFD1948214F8FFDA00031883 /* FromSimpleToDetailSegue.m in Sources */,
			);
			runOnlyForDeploymentPostprocessing = 0;
		};
/* End PBXSourcesBuildPhase section */

/* Begin PBXVariantGroup section */
		BF9724BB14ECEA2800C42892 /* InfoPlist.strings */ = {
			isa = PBXVariantGroup;
			children = (
				BF9724BC14ECEA2800C42892 /* en */,
			);
			name = InfoPlist.strings;
			sourceTree = "<group>";
		};
/* End PBXVariantGroup section */

/* Begin XCBuildConfiguration section */
		BF9724C714ECEA2800C42892 /* Debug */ = {
			isa = XCBuildConfiguration;
			buildSettings = {
				ALWAYS_SEARCH_USER_PATHS = NO;
				ARCHS = "$(ARCHS_STANDARD_32_BIT)";
				CLANG_ENABLE_OBJC_ARC = YES;
				"CODE_SIGN_IDENTITY[sdk=iphoneos*]" = "iPhone Developer";
				COPY_PHASE_STRIP = NO;
				GCC_C_LANGUAGE_STANDARD = gnu99;
				GCC_DYNAMIC_NO_PIC = NO;
				GCC_OPTIMIZATION_LEVEL = 0;
				GCC_PREPROCESSOR_DEFINITIONS = (
					"DEBUG=1",
					"$(inherited)",
				);
				GCC_SYMBOLS_PRIVATE_EXTERN = NO;
				GCC_VERSION = com.apple.compilers.llvm.clang.1_0;
				GCC_WARN_ABOUT_MISSING_PROTOTYPES = YES;
				GCC_WARN_ABOUT_RETURN_TYPE = YES;
				GCC_WARN_UNUSED_VARIABLE = YES;
				IPHONEOS_DEPLOYMENT_TARGET = 5.0;
				SDKROOT = iphoneos;
			};
			name = Debug;
		};
		BF9724C814ECEA2800C42892 /* Release */ = {
			isa = XCBuildConfiguration;
			buildSettings = {
				ALWAYS_SEARCH_USER_PATHS = NO;
				ARCHS = "$(ARCHS_STANDARD_32_BIT)";
				CLANG_ENABLE_OBJC_ARC = YES;
				"CODE_SIGN_IDENTITY[sdk=iphoneos*]" = "iPhone Developer";
				COPY_PHASE_STRIP = YES;
				GCC_C_LANGUAGE_STANDARD = gnu99;
				GCC_VERSION = com.apple.compilers.llvm.clang.1_0;
				GCC_WARN_ABOUT_MISSING_PROTOTYPES = YES;
				GCC_WARN_ABOUT_RETURN_TYPE = YES;
				GCC_WARN_UNUSED_VARIABLE = YES;
				IPHONEOS_DEPLOYMENT_TARGET = 5.0;
				OTHER_CFLAGS = "-DNS_BLOCK_ASSERTIONS=1";
				SDKROOT = iphoneos;
				VALIDATE_PRODUCT = YES;
			};
			name = Release;
		};
		BF9724CA14ECEA2800C42892 /* Debug */ = {
			isa = XCBuildConfiguration;
			buildSettings = {
				GCC_PRECOMPILE_PREFIX_HEADER = YES;
				GCC_PREFIX_HEADER = "focus/focus-Prefix.pch";
				INFOPLIST_FILE = "focus/focus-Info.plist";
				PRODUCT_NAME = "$(TARGET_NAME)";
				TARGETED_DEVICE_FAMILY = 1;
				WRAPPER_EXTENSION = app;
			};
			name = Debug;
		};
		BF9724CB14ECEA2800C42892 /* Release */ = {
			isa = XCBuildConfiguration;
			buildSettings = {
				GCC_PRECOMPILE_PREFIX_HEADER = YES;
				GCC_PREFIX_HEADER = "focus/focus-Prefix.pch";
				INFOPLIST_FILE = "focus/focus-Info.plist";
				PRODUCT_NAME = "$(TARGET_NAME)";
				TARGETED_DEVICE_FAMILY = 1;
				WRAPPER_EXTENSION = app;
			};
			name = Release;
		};
/* End XCBuildConfiguration section */

/* Begin XCConfigurationList section */
		BF9724A614ECEA2800C42892 /* Build configuration list for PBXProject "focus" */ = {
			isa = XCConfigurationList;
			buildConfigurations = (
				BF9724C714ECEA2800C42892 /* Debug */,
				BF9724C814ECEA2800C42892 /* Release */,
			);
			defaultConfigurationIsVisible = 0;
			defaultConfigurationName = Release;
		};
		BF9724C914ECEA2800C42892 /* Build configuration list for PBXNativeTarget "focus" */ = {
			isa = XCConfigurationList;
			buildConfigurations = (
				BF9724CA14ECEA2800C42892 /* Debug */,
				BF9724CB14ECEA2800C42892 /* Release */,
			);
			defaultConfigurationIsVisible = 0;
			defaultConfigurationName = Release;
		};
/* End XCConfigurationList section */

/* Begin XCVersionGroup section */
		BF9724C414ECEA2800C42892 /* focus.xcdatamodeld */ = {
			isa = XCVersionGroup;
			children = (
				BF9724C514ECEA2800C42892 /* focus.xcdatamodel */,
			);
			currentVersion = BF9724C514ECEA2800C42892 /* focus.xcdatamodel */;
			path = focus.xcdatamodeld;
			sourceTree = "<group>";
			versionGroupType = wrapper.xcdatamodel;
		};
/* End XCVersionGroup section */
	};
	rootObject = BF9724A314ECEA2800C42892 /* Project object */;
}
