// !$*UTF8*$!
{
	archiveVersion = 1;
	classes = {
	};
	objectVersion = 46;
	objects = {

/* Begin PBXBuildFile section */
		BF9724B114ECEA2800C42892 /* UIKit.framework in Frameworks */ = {isa = PBXBuildFile; fileRef = BF9724B014ECEA2800C42892 /* UIKit.framework */; };
		BF9724B314ECEA2800C42892 /* Foundation.framework in Frameworks */ = {isa = PBXBuildFile; fileRef = BF9724B214ECEA2800C42892 /* Foundation.framework */; };
		BF9724B514ECEA2800C42892 /* CoreGraphics.framework in Frameworks */ = {isa = PBXBuildFile; fileRef = BF9724B414ECEA2800C42892 /* CoreGraphics.framework */; };
		BF9724B714ECEA2800C42892 /* CoreData.framework in Frameworks */ = {isa = PBXBuildFile; fileRef = BF9724B614ECEA2800C42892 /* CoreData.framework */; };
		BF9724BD14ECEA2800C42892 /* InfoPlist.strings in Resources */ = {isa = PBXBuildFile; fileRef = BF9724BB14ECEA2800C42892 /* InfoPlist.strings */; };
		BF9724BF14ECEA2800C42892 /* main.m in Sources */ = {isa = PBXBuildFile; fileRef = BF9724BE14ECEA2800C42892 /* main.m */; };
		BF9724C314ECEA2800C42892 /* AppDelegate.m in Sources */ = {isa = PBXBuildFile; fileRef = BF9724C214ECEA2800C42892 /* AppDelegate.m */; };
		BF9724C614ECEA2800C42892 /* focus.xcdatamodeld in Sources */ = {isa = PBXBuildFile; fileRef = BF9724C414ECEA2800C42892 /* focus.xcdatamodeld */; };
/* End PBXBuildFile section */

/* Begin PBXFileReference section */
		BF9724AC14ECEA2800C42892 /* focus.app */ = {isa = PBXFileReference; explicitFileType = wrapper.application; includeInIndex = 0; path = focus.app; sourceTree = BUILT_PRODUCTS_DIR; };
		BF9724B014ECEA2800C42892 /* UIKit.framework */ = {isa = PBXFileReference; lastKnownFileType = wrapper.framework; name = UIKit.framework; path = System/Library/Frameworks/UIKit.framework; sourceTree = SDKROOT; };
		BF9724B214ECEA2800C42892 /* Foundation.framework */ = {isa = PBXFileReference; lastKnownFileType = wrapper.framework; name = Foundation.framework; path = System/Library/Frameworks/Foundation.framework; sourceTree = SDKROOT; };
		BF9724B414ECEA2800C42892 /* CoreGraphics.framework */ = {isa = PBXFileReference; lastKnownFileType = wrapper.framework; name = CoreGraphics.framework; path = System/Library/Frameworks/CoreGraphics.framework; sourceTree = SDKROOT; };
		BF9724B614ECEA2800C42892 /* CoreData.framework */ = {isa = PBXFileReference; lastKnownFileType = wrapper.framework; name = CoreData.framework; path = System/Library/Frameworks/CoreData.framework; sourceTree = SDKROOT; };
		BF9724BA14ECEA2800C42892 /* focus-Info.plist */ = {isa = PBXFileReference; path = "focus-Info.plist"; sourceTree = "<group>"; };
		BF9724BC14ECEA2800C42892 /* en */ = {isa = PBXFileReference; lastKnownFileType = text.plist.strings; name = en; path = en.lproj/InfoPlist.strings; sourceTree = "<group>"; };
		BF9724BE14ECEA2800C42892 /* main.m */ = {isa = PBXFileReference; lastKnownFileType = sourcecode.c.objc; path = main.m; sourceTree = "<group>"; };
		BF9724C014ECEA2800C42892 /* focus-Prefix.pch */ = {isa = PBXFileReference; path = "focus-Prefix.pch"; sourceTree = "<group>"; };
		BF9724C114ECEA2800C42892 /* AppDelegate.h */ = {isa = PBXFileReference; path = AppDelegate.h; sourceTree = "<group>"; };
		BF9724C214ECEA2800C42892 /* AppDelegate.m */ = {isa = PBXFileReference; lastKnownFileType = sourcecode.c.objc; path = AppDelegate.m; sourceTree = "<group>"; };
		BF9724C514ECEA2800C42892 /* focus.xcdatamodel */ = {isa = PBXFileReference; lastKnownFileType = wrapper.xcdatamodel; path = focus.xcdatamodel; sourceTree = "<group>"; };
/* End PBXFileReference section */

/* Begin PBXFrameworksBuildPhase section */
		BF9724A914ECEA2800C42892 /* Frameworks */ = {
			isa = PBXFrameworksBuildPhase;
			buildActionMask = 2147483647;
			files = (
				BF9724B114ECEA2800C42892 /* UIKit.framework in Frameworks */,
				BF9724B314ECEA2800C42892 /* Foundation.framework in Frameworks */,
				BF9724B514ECEA2800C42892 /* CoreGraphics.framework in Frameworks */,
				BF9724B714ECEA2800C42892 /* CoreData.framework in Frameworks */,
			);
			runOnlyForDeploymentPostprocessing = 0;
		};
/* End PBXFrameworksBuildPhase section */

/* Begin PBXGroup section */
		BF9724A114ECEA2800C42892 = {
			isa = PBXGroup;
			children = (
				BF9724B814ECEA2800C42892 /* focus */,
				BF9724AF14ECEA2800C42892 /* Frameworks */,
				BF9724AD14ECEA2800C42892 /* Products */,
			);
			sourceTree = "<group>";
		};
		BF9724AD14ECEA2800C42892 /* Products */ = {
			isa = PBXGroup;
			children = (
				BF9724AC14ECEA2800C42892 /* focus.app */,
			);
			name = Products;
			sourceTree = "<group>";
		};
		BF9724AF14ECEA2800C42892 /* Frameworks */ = {
			isa = PBXGroup;
			children = (
				BF9724B014ECEA2800C42892 /* UIKit.framework */,
				BF9724B214ECEA2800C42892 /* Foundation.framework */,
				BF9724B414ECEA2800C42892 /* CoreGraphics.framework */,
				BF9724B614ECEA2800C42892 /* CoreData.framework */,
			);
			name = Frameworks;
			sourceTree = "<group>";
		};
		BF9724B814ECEA2800C42892 /* focus */ = {
			isa = PBXGroup;
			children = (
				BF9724C114ECEA2800C42892 /* AppDelegate.h */,
				BF9724C214ECEA2800C42892 /* AppDelegate.m */,
				BF9724C414ECEA2800C42892 /* focus.xcdatamodeld */,
				BF9724B914ECEA2800C42892 /* Supporting Files */,
			);
			path = focus;
			sourceTree = "<group>";
		};
		BF9724B914ECEA2800C42892 /* Supporting Files */ = {
			isa = PBXGroup;
			children = (
				BF9724BA14ECEA2800C42892 /* focus-Info.plist */,
				BF9724BB14ECEA2800C42892 /* InfoPlist.strings */,
				BF9724BE14ECEA2800C42892 /* main.m */,
				BF9724C014ECEA2800C42892 /* focus-Prefix.pch */,
			);
			name = "Supporting Files";
			sourceTree = "<group>";
		};
/* End PBXGroup section */

/* Begin PBXNativeTarget section */
		BF9724AB14ECEA2800C42892 /* focus */ = {
			isa = PBXNativeTarget;
			buildConfigurationList = BF9724C914ECEA2800C42892 /* Build configuration list for PBXNativeTarget "focus" */;
			buildPhases = (
				BF9724A814ECEA2800C42892 /* Sources */,
				BF9724A914ECEA2800C42892 /* Frameworks */,
				BF9724AA14ECEA2800C42892 /* Resources */,
			);
			buildRules = (
			);
			dependencies = (
			);
			name = focus;
			productName = focus;
			productReference = BF9724AC14ECEA2800C42892 /* focus.app */;
			productType = "com.apple.product-type.application";
		};
/* End PBXNativeTarget section */

/* Begin PBXProject section */
		BF9724A314ECEA2800C42892 /* Project object */ = {
			isa = PBXProject;
			attributes = {
				LastUpgradeCheck = 0420;
			};
			buildConfigurationList = BF9724A614ECEA2800C42892 /* Build configuration list for PBXProject "focus" */;
			compatibilityVersion = "Xcode 3.2";
			developmentRegion = English;
			hasScannedForEncodings = 0;
			knownRegions = (
				en,
			);
			mainGroup = BF9724A114ECEA2800C42892;
			productRefGroup = BF9724AD14ECEA2800C42892 /* Products */;
			projectDirPath = "";
			projectRoot = "";
			targets = (
				BF9724AB14ECEA2800C42892 /* focus */,
			);
		};
/* End PBXProject section */

/* Begin PBXResourcesBuildPhase section */
		BF9724AA14ECEA2800C42892 /* Resources */ = {
			isa = PBXResourcesBuildPhase;
			buildActionMask = 2147483647;
			files = (
				BF9724BD14ECEA2800C42892 /* InfoPlist.strings in Resources */,
			);
			runOnlyForDeploymentPostprocessing = 0;
		};
/* End PBXResourcesBuildPhase section */

/* Begin PBXSourcesBuildPhase section */
		BF9724A814ECEA2800C42892 /* Sources */ = {
			isa = PBXSourcesBuildPhase;
			buildActionMask = 2147483647;
			files = (
				BF9724BF14ECEA2800C42892 /* main.m in Sources */,
				BF9724C314ECEA2800C42892 /* AppDelegate.m in Sources */,
				BF9724C614ECEA2800C42892 /* focus.xcdatamodeld in Sources */,
			);
			runOnlyForDeploymentPostprocessing = 0;
		};
/* End PBXSourcesBuildPhase section */

/* Begin PBXVariantGroup section */
		BF9724BB14ECEA2800C42892 /* InfoPlist.strings */ = {
			isa = PBXVariantGroup;
			children = (
				BF9724BC14ECEA2800C42892 /* en */,
			);
			name = InfoPlist.strings;
			sourceTree = "<group>";
		};
/* End PBXVariantGroup section */

/* Begin XCBuildConfiguration section */
		BF9724C714ECEA2800C42892 /* Debug */ = {
			isa = XCBuildConfiguration;
			buildSettings = {
				ALWAYS_SEARCH_USER_PATHS = NO;
				ARCHS = "$(ARCHS_STANDARD_32_BIT)";
				CLANG_ENABLE_OBJC_ARC = YES;
				"CODE_SIGN_IDENTITY[sdk=iphoneos*]" = "iPhone Developer";
				COPY_PHASE_STRIP = NO;
				GCC_C_LANGUAGE_STANDARD = gnu99;
				GCC_DYNAMIC_NO_PIC = NO;
				GCC_OPTIMIZATION_LEVEL = 0;
				GCC_PREPROCESSOR_DEFINITIONS = (
					"DEBUG=1",
					"$(inherited)",
				);
				GCC_SYMBOLS_PRIVATE_EXTERN = NO;
				GCC_VERSION = com.apple.compilers.llvm.clang.1_0;
				GCC_WARN_ABOUT_MISSING_PROTOTYPES = YES;
				GCC_WARN_ABOUT_RETURN_TYPE = YES;
				GCC_WARN_UNUSED_VARIABLE = YES;
				IPHONEOS_DEPLOYMENT_TARGET = 5.0;
				SDKROOT = iphoneos;
			};
			name = Debug;
		};
		BF9724C814ECEA2800C42892 /* Release */ = {
			isa = XCBuildConfiguration;
			buildSettings = {
				ALWAYS_SEARCH_USER_PATHS = NO;
				ARCHS = "$(ARCHS_STANDARD_32_BIT)";
				CLANG_ENABLE_OBJC_ARC = YES;
				"CODE_SIGN_IDENTITY[sdk=iphoneos*]" = "iPhone Developer";
				COPY_PHASE_STRIP = YES;
				GCC_C_LANGUAGE_STANDARD = gnu99;
				GCC_VERSION = com.apple.compilers.llvm.clang.1_0;
				GCC_WARN_ABOUT_MISSING_PROTOTYPES = YES;
				GCC_WARN_ABOUT_RETURN_TYPE = YES;
				GCC_WARN_UNUSED_VARIABLE = YES;
				IPHONEOS_DEPLOYMENT_TARGET = 5.0;
				OTHER_CFLAGS = "-DNS_BLOCK_ASSERTIONS=1";
				SDKROOT = iphoneos;
				VALIDATE_PRODUCT = YES;
			};
			name = Release;
		};
		BF9724CA14ECEA2800C42892 /* Debug */ = {
			isa = XCBuildConfiguration;
			buildSettings = {
				GCC_PRECOMPILE_PREFIX_HEADER = YES;
				GCC_PREFIX_HEADER = "focus/focus-Prefix.pch";
				INFOPLIST_FILE = "focus/focus-Info.plist";
				PRODUCT_NAME = "$(TARGET_NAME)";
				WRAPPER_EXTENSION = app;
			};
			name = Debug;
		};
		BF9724CB14ECEA2800C42892 /* Release */ = {
			isa = XCBuildConfiguration;
			buildSettings = {
				GCC_PRECOMPILE_PREFIX_HEADER = YES;
				GCC_PREFIX_HEADER = "focus/focus-Prefix.pch";
				INFOPLIST_FILE = "focus/focus-Info.plist";
				PRODUCT_NAME = "$(TARGET_NAME)";
				WRAPPER_EXTENSION = app;
			};
			name = Release;
		};
/* End XCBuildConfiguration section */

/* Begin XCConfigurationList section */
		BF9724A614ECEA2800C42892 /* Build configuration list for PBXProject "focus" */ = {
			isa = XCConfigurationList;
			buildConfigurations = (
				BF9724C714ECEA2800C42892 /* Debug */,
				BF9724C814ECEA2800C42892 /* Release */,
			);
			defaultConfigurationIsVisible = 0;
			defaultConfigurationName = Release;
		};
		BF9724C914ECEA2800C42892 /* Build configuration list for PBXNativeTarget "focus" */ = {
			isa = XCConfigurationList;
			buildConfigurations = (
				BF9724CA14ECEA2800C42892 /* Debug */,
				BF9724CB14ECEA2800C42892 /* Release */,
			);
			defaultConfigurationIsVisible = 0;
		};
/* End XCConfigurationList section */

/* Begin XCVersionGroup section */
		BF9724C414ECEA2800C42892 /* focus.xcdatamodeld */ = {
			isa = XCVersionGroup;
			children = (
				BF9724C514ECEA2800C42892 /* focus.xcdatamodel */,
			);
			currentVersion = BF9724C514ECEA2800C42892 /* focus.xcdatamodel */;
			path = focus.xcdatamodeld;
			sourceTree = "<group>";
			versionGroupType = wrapper.xcdatamodel;
		};
/* End XCVersionGroup section */
	};
	rootObject = BF9724A314ECEA2800C42892 /* Project object */;
}
